{
  "version": 4,
  "terraform_version": "1.12.2",
  "serial": 81,
  "lineage": "33971ec8-fbae-9435-a46d-6c95e582cff4",
  "outputs": {
    "ansible_sa_email": {
      "value": "jenkins-project-dev-sa@todo-app-496222.iam.gserviceaccount.com",
      "type": "string"
    },
    "ansible_sa_key": {
      "value": "ewogICJ0eXBlIjogInNlcnZpY2VfYWNjb3VudCIsCiAgInByb2plY3RfaWQiOiAidG9kby1hcHAtNDk2MjIyIiwKICAicHJpdmF0ZV9rZXlfaWQiOiAiOTQ1ZTBkOWNlMzU5NGE0MjQ3ZGJlZDQyYjg3ODQwN2E1ODA2NDQ1MyIsCiAgInByaXZhdGVfa2V5IjogIi0tLS0tQkVHSU4gUFJJVkFURSBLRVktLS0tLVxuTUlJRXZnSUJBREFOQmdrcWhraUc5dzBCQVFFRkFBU0NCS2d3Z2dTa0FnRUFBb0lCQVFEa2Q2SHZ0UFNTZGJBQVxuTC9OZkF4VGhKMlplRmc4QkFFSkh5QllOOWJSUWhlR0lFWStFYnBhaFdUR05aaUV5MnpST1R1NzhMRUFSZU9FcVxuRS9weGg5ZnhRdlo5MFRoV0dRVjc4b2xLZGs1a2hpYVBJcm9vd2VTMEdFQWJGTUxoVEZEMDdGK3l0dHMzT1RnRFxuTnB3TlFjbzRzeS9yM2NFNEdwTnhRcm42WC9WMTNsS2ZTSm41OGhqdXlSSkhVNXI2MWsrSVFNclFIU0JIeTltWlxuNjVDdFRBTXZuQUxzdDdWVWVkeWw4dHIzNTFoTWlzQXNsZnVJaXloS3VqNjZRd3A1a0t3N0ZFTlN6LzJaSFpWWVxuSG9IR3RORkRTMFFTVGRVVFNodDdTOXp4ODlIV0Zwc1hzQWtlbVE3REpvNlJSYlFWMWtvOXluTk1pSldXckJwZFxuMWtSUzk3bmxBZ01CQUFFQ2dnRUFEWlZoVHVleTNOeGJiUDlzMkZyT0RIN3pzcWRjR0FLa2JqRWl3b3kzdmt2ZlxuZDJBWDZOZE1aR1p4c0VjQXRVM2NJOFhFcHNDWXhKRXJ6ZjBuR0VYcjNGL1BXUGF1QTB4MGk0U0ZqaVJQaitGN1xuL0dtanFOV3lXOVRQUnV6cWswdWV5cGtkTFhwNnVTTlJSYnVpOXBUUlNhSzV1Q3ZVbDVuWTUxU0F5emFXV1A0VVxucGtyK3BSL3BnNmZJOU8wTFFOYm9NejVna01kSnkwNzBUeUtNd0ZOZFNER040azNaME01UUZReW9VR2dzeTI1bVxudERoOCtLUXAvaXVLUSt4TTBFQzFnUHZHdFRoSm5WSEdzRWoxWDVoaEVPV3MxRVlNQ3JVM2d0dk5yamtqZHhCOVxuYnEycm1BTERBaTVhdi9CNEJFeXBNQk9pRkxwc1dqaHUwSy9OVnloYXdRS0JnUUQzekVoNkJHeW9pMUxNUkN6cFxuUmszaDk5RTQxbXllSWxJdTFwd0E0MUppMzMxcUFMMUx4L292UUM5anJkREtJWFA4YUlFK1JEU2d2QXg2Si9UZ1xuNjFXK2poRGxBVFd2THFYMzIra01PZEtqWjdYUDZpQmRVYm1jYWd6bldvUU9jWnRhRUR5QytvZmVtNWV2c0lKV1xuU0NpRnZsdFp4SGltRUhlLzVXM3RwVUZSQlFLQmdRRHNCNDBPTGV2QjgxdXd3c3hIZWRvd1l6cXBVa3VuZFNjc1xuU05yem9OYmRKYmlQWjVQSDh3eElYQ2ZVNkZ3dklGV0lPOWJuTE03N1RIdmZlbUxnQ0trZmovU1N4OHdlSnZlNlxueUlya1FGT1JGRlV2TE9JZlBkR29CcjhCakJVVnUrNWNVUDdqZlJtaEdMZ0pSSnplZmZrWDY5RmdaZVhoNGMzc1xudmxabWxLS2JZUUtCZ0hXUFlVTWlIanJIL253U1RBeFA0bHMyS3ZpQUlmL1Q0SkdBRjNzRVhlMnlnZGxzaUdJUFxuZWM0NDhVS2xEODBWbWVWQjN5OGZSS2lORG81VnJvT1dvcE5JNnhMNlEvSGNlN2pmaCt6WThlbThKakdCcmVFWVxuQ0tzQVZTYmRkcEV6ckxSSng2dU1HREd3TjRLT2h3ZFFMSWxuQ2dmSWdrU213Mmt5KzdnbkVwblJBb0dCQUxtUVxuMGpoVXFDY3JNbXBOTEpnQldDWjB6Vmp6NTZEM2ZWM1d4YldIUFlaT3NzU2tOVTZkYW9tMVVtZVVhMjF0cVhGYlxuUW9Fci9Hc2NYY044a0NIOURTSlFab1BENjFuRlh6ME5rQTBWK2QxMU0rZk1ETmR0SGRsUnZIZjE3MW5RRC8ycVxuZkVyVVB3TWwwUU1RVzVpZFIrcWpyMUJ2cklXanB1ZTdXV2g2OFVEaEFvR0JBSkFKT0ZKZW5Qd2NVU0RyT0hOSVxuZEtJcTdNUVg3ZURsUkRyVGtZTHllMnE2Y1Ftbzl6QiszKzByYkF0WEFMcktFczZhR1Ixc2lQdlJ6cytmRlJxeVxuMkJxS0taK0VDckszMmhJbGZPNVZsWEJtUG9VWi9vMllCamVkV2VNUFdVZjdUY3B4MlliUWtwczJMTXpHdWpaNFxuNXVMUUpZeTYvZVhVcFhNbTFFU0JZRHFQXG4tLS0tLUVORCBQUklWQVRFIEtFWS0tLS0tXG4iLAogICJjbGllbnRfZW1haWwiOiAiamVua2lucy1wcm9qZWN0LWRldi1zYUB0b2RvLWFwcC00OTYyMjIuaWFtLmdzZXJ2aWNlYWNjb3VudC5jb20iLAogICJjbGllbnRfaWQiOiAiMTAyMTk5ODU2NTU2NDQ5ODI1MzM2IiwKICAiYXV0aF91cmkiOiAiaHR0cHM6Ly9hY2NvdW50cy5nb29nbGUuY29tL28vb2F1dGgyL2F1dGgiLAogICJ0b2tlbl91cmkiOiAiaHR0cHM6Ly9vYXV0aDIuZ29vZ2xlYXBpcy5jb20vdG9rZW4iLAogICJhdXRoX3Byb3ZpZGVyX3g1MDlfY2VydF91cmwiOiAiaHR0cHM6Ly93d3cuZ29vZ2xlYXBpcy5jb20vb2F1dGgyL3YxL2NlcnRzIiwKICAiY2xpZW50X3g1MDlfY2VydF91cmwiOiAiaHR0cHM6Ly93d3cuZ29vZ2xlYXBpcy5jb20vcm9ib3QvdjEvbWV0YWRhdGEveDUwOS9qZW5raW5zLXByb2plY3QtZGV2LXNhJTQwdG9kby1hcHAtNDk2MjIyLmlhbS5nc2VydmljZWFjY291bnQuY29tIiwKICAidW5pdmVyc2VfZG9tYWluIjogImdvb2dsZWFwaXMuY29tIgp9Cg==",
      "type": "string",
      "sensitive": true
    },
    "instance_external_ip": {
      "value": "104.198.22.67",
      "type": "string"
    },
    "instance_name": {
      "value": "jenkins-project-dev-app-instance",
      "type": "string"
    },
    "jenkins_external_ip": {
      "value": "34.29.85.120",
      "type": "string"
    },
    "network_name": {
      "value": "jenkins-project-network-dev",
      "type": "string"
    },
    "subnet_name": {
      "value": "jenkins-project-public-subnet-dev",
      "type": "string"
    }
  },
  "resources": [
    {
      "module": "module.compute_app",
      "mode": "managed",
      "type": "google_compute_instance",
      "name": "app_instance",
      "provider": "provider[\"registry.terraform.io/hashicorp/google\"]",
      "instances": [
        {
          "schema_version": 6,
          "attributes": {
            "advanced_machine_features": [],
            "allow_stopping_for_update": null,
            "attached_disk": [],
            "boot_disk": [
              {
                "auto_delete": true,
                "device_name": "persistent-disk-0",
                "disk_encryption_key_raw": "",
                "disk_encryption_key_sha256": "",
                "initialize_params": [
                  {
                    "enable_confidential_compute": false,
                    "image": "https://www.googleapis.com/compute/v1/projects/ubuntu-os-cloud/global/images/ubuntu-2204-jammy-v20260504",
                    "labels": {},
                    "provisioned_iops": 0,
                    "provisioned_throughput": 0,
                    "resource_manager_tags": null,
                    "size": 20,
                    "storage_pool": "",
                    "type": "pd-standard"
                  }
                ],
                "kms_key_self_link": "",
                "mode": "READ_WRITE",
                "source": "https://www.googleapis.com/compute/v1/projects/todo-app-496222/zones/us-central1-a/disks/jenkins-project-dev-app-instance"
              }
            ],
            "can_ip_forward": false,
            "confidential_instance_config": [],
            "cpu_platform": "Intel Broadwell",
            "current_status": "RUNNING",
            "deletion_protection": false,
            "description": "",
            "desired_status": null,
            "effective_labels": {
              "environment": "dev",
              "managed_by": "terraform",
              "module": "compute",
              "name": "jenkins-project-dev-app-instance",
              "project": "jenkins-project",
              "role": "app"
            },
            "enable_display": false,
            "guest_accelerator": [],
            "hostname": "",
            "id": "projects/todo-app-496222/zones/us-central1-a/instances/jenkins-project-dev-app-instance",
            "instance_id": "311352430110156089",
            "label_fingerprint": "yOPglyQoR_M=",
            "labels": {
              "environment": "dev",
              "managed_by": "terraform",
              "module": "compute",
              "name": "jenkins-project-dev-app-instance",
              "project": "jenkins-project",
              "role": "app"
            },
            "machine_type": "e2-micro",
            "metadata": {
              "enable-oslogin": "TRUE"
            },
            "metadata_fingerprint": "L67OUkgyy3s=",
            "metadata_startup_script": null,
            "min_cpu_platform": "",
            "name": "jenkins-project-dev-app-instance",
            "network_interface": [
              {
                "access_config": [
                  {
                    "nat_ip": "104.198.22.67",
                    "network_tier": "PREMIUM",
                    "public_ptr_domain_name": ""
                  }
                ],
                "alias_ip_range": [],
                "internal_ipv6_prefix_length": 0,
                "ipv6_access_config": [],
                "ipv6_access_type": "",
                "ipv6_address": "",
                "name": "nic0",
                "network": "https://www.googleapis.com/compute/v1/projects/todo-app-496222/global/networks/jenkins-project-network-dev",
                "network_ip": "10.0.0.2",
                "nic_type": "",
                "queue_count": 0,
                "stack_type": "IPV4_ONLY",
                "subnetwork": "https://www.googleapis.com/compute/v1/projects/todo-app-496222/regions/us-central1/subnetworks/jenkins-project-public-subnet-dev",
                "subnetwork_project": "todo-app-496222"
              }
            ],
            "network_performance_config": [],
            "params": [],
            "project": "todo-app-496222",
            "reservation_affinity": [],
            "resource_policies": null,
            "scheduling": [
              {
                "automatic_restart": true,
                "instance_termination_action": "",
                "local_ssd_recovery_timeout": [],
                "max_run_duration": [],
                "min_node_cpus": 0,
                "node_affinities": [],
                "on_host_maintenance": "MIGRATE",
                "on_instance_stop_action": [],
                "preemptible": false,
                "provisioning_model": "STANDARD"
              }
            ],
            "scratch_disk": [],
            "self_link": "https://www.googleapis.com/compute/v1/projects/todo-app-496222/zones/us-central1-a/instances/jenkins-project-dev-app-instance",
            "service_account": [],
            "shielded_instance_config": [
              {
                "enable_integrity_monitoring": true,
                "enable_secure_boot": false,
                "enable_vtpm": true
              }
            ],
            "tags": [
              "app",
              "terraform"
            ],
            "tags_fingerprint": "5aOQYfglruQ=",
            "terraform_labels": {
              "environment": "dev",
              "managed_by": "terraform",
              "module": "compute",
              "name": "jenkins-project-dev-app-instance",
              "project": "jenkins-project",
              "role": "app"
            },
            "timeouts": null,
            "zone": "us-central1-a"
          },
          "sensitive_attributes": [
            [
              {
                "type": "get_attr",
                "value": "boot_disk"
              },
              {
                "type": "index",
                "value": {
                  "value": 0,
                  "type": "number"
                }
              },
              {
                "type": "get_attr",
                "value": "disk_encryption_key_raw"
              }
            ]
          ],
          "identity_schema_version": 0,
          "private": "eyJlMmJmYjczMC1lY2FhLTExZTYtOGY4OC0zNDM2M2JjN2M0YzAiOnsiY3JlYXRlIjoxMjAwMDAwMDAwMDAwLCJkZWxldGUiOjEyMDAwMDAwMDAwMDAsInVwZGF0ZSI6MTIwMDAwMDAwMDAwMH0sInNjaGVtYV92ZXJzaW9uIjoiNiJ9",
          "dependencies": [
            "module.vpc.google_compute_network.main",
            "module.vpc.google_compute_subnetwork.public"
          ]
        }
      ]
    },
    {
      "module": "module.compute_jenkins",
      "mode": "managed",
      "type": "google_compute_instance",
      "name": "app_instance",
      "provider": "provider[\"registry.terraform.io/hashicorp/google\"]",
      "instances": [
        {
          "schema_version": 6,
          "attributes": {
            "advanced_machine_features": [],
            "allow_stopping_for_update": null,
            "attached_disk": [],
            "boot_disk": [
              {
                "auto_delete": true,
                "device_name": "persistent-disk-0",
                "disk_encryption_key_raw": "",
                "disk_encryption_key_sha256": "",
                "initialize_params": [
                  {
                    "enable_confidential_compute": false,
                    "image": "https://www.googleapis.com/compute/v1/projects/ubuntu-os-cloud/global/images/ubuntu-2204-jammy-v20260504",
                    "labels": {},
                    "provisioned_iops": 0,
                    "provisioned_throughput": 0,
                    "resource_manager_tags": null,
                    "size": 20,
                    "storage_pool": "",
                    "type": "pd-standard"
                  }
                ],
                "kms_key_self_link": "",
                "mode": "READ_WRITE",
                "source": "https://www.googleapis.com/compute/v1/projects/todo-app-496222/zones/us-central1-a/disks/jenkins-project-dev-jenkins-instance"
              }
            ],
            "can_ip_forward": false,
            "confidential_instance_config": [],
            "cpu_platform": "Intel Broadwell",
            "current_status": "RUNNING",
            "deletion_protection": false,
            "description": "",
            "desired_status": null,
            "effective_labels": {
              "environment": "dev",
              "managed_by": "terraform",
              "module": "compute",
              "name": "jenkins-project-dev-jenkins-instance",
              "project": "jenkins-project",
              "role": "jenkins"
            },
            "enable_display": false,
            "guest_accelerator": [],
            "hostname": "",
            "id": "projects/todo-app-496222/zones/us-central1-a/instances/jenkins-project-dev-jenkins-instance",
            "instance_id": "4773902478052402488",
            "label_fingerprint": "f3hpKlhPUYk=",
            "labels": {
              "environment": "dev",
              "managed_by": "terraform",
              "module": "compute",
              "name": "jenkins-project-dev-jenkins-instance",
              "project": "jenkins-project",
              "role": "jenkins"
            },
            "machine_type": "e2-medium",
            "metadata": {
              "enable-oslogin": "TRUE"
            },
            "metadata_fingerprint": "L67OUkgyy3s=",
            "metadata_startup_script": null,
            "min_cpu_platform": "",
            "name": "jenkins-project-dev-jenkins-instance",
            "network_interface": [
              {
                "access_config": [
                  {
                    "nat_ip": "34.29.85.120",
                    "network_tier": "PREMIUM",
                    "public_ptr_domain_name": ""
                  }
                ],
                "alias_ip_range": [],
                "internal_ipv6_prefix_length": 0,
                "ipv6_access_config": [],
                "ipv6_access_type": "",
                "ipv6_address": "",
                "name": "nic0",
                "network": "https://www.googleapis.com/compute/v1/projects/todo-app-496222/global/networks/jenkins-project-network-dev",
                "network_ip": "10.0.0.3",
                "nic_type": "",
                "queue_count": 0,
                "stack_type": "IPV4_ONLY",
                "subnetwork": "https://www.googleapis.com/compute/v1/projects/todo-app-496222/regions/us-central1/subnetworks/jenkins-project-public-subnet-dev",
                "subnetwork_project": "todo-app-496222"
              }
            ],
            "network_performance_config": [],
            "params": [],
            "project": "todo-app-496222",
            "reservation_affinity": [],
            "resource_policies": null,
            "scheduling": [
              {
                "automatic_restart": true,
                "instance_termination_action": "",
                "local_ssd_recovery_timeout": [],
                "max_run_duration": [],
                "min_node_cpus": 0,
                "node_affinities": [],
                "on_host_maintenance": "MIGRATE",
                "on_instance_stop_action": [],
                "preemptible": false,
                "provisioning_model": "STANDARD"
              }
            ],
            "scratch_disk": [],
            "self_link": "https://www.googleapis.com/compute/v1/projects/todo-app-496222/zones/us-central1-a/instances/jenkins-project-dev-jenkins-instance",
            "service_account": [],
            "shielded_instance_config": [
              {
                "enable_integrity_monitoring": true,
                "enable_secure_boot": false,
                "enable_vtpm": true
              }
            ],
            "tags": [
              "jenkins",
              "terraform"
            ],
            "tags_fingerprint": "JIhp9kPq6to=",
            "terraform_labels": {
              "environment": "dev",
              "managed_by": "terraform",
              "module": "compute",
              "name": "jenkins-project-dev-jenkins-instance",
              "project": "jenkins-project",
              "role": "jenkins"
            },
            "timeouts": null,
            "zone": "us-central1-a"
          },
          "sensitive_attributes": [
            [
              {
                "type": "get_attr",
                "value": "boot_disk"
              },
              {
                "type": "index",
                "value": {
                  "value": 0,
                  "type": "number"
                }
              },
              {
                "type": "get_attr",
                "value": "disk_encryption_key_raw"
              }
            ]
          ],
          "identity_schema_version": 0,
          "private": "eyJlMmJmYjczMC1lY2FhLTExZTYtOGY4OC0zNDM2M2JjN2M0YzAiOnsiY3JlYXRlIjoxMjAwMDAwMDAwMDAwLCJkZWxldGUiOjEyMDAwMDAwMDAwMDAsInVwZGF0ZSI6MTIwMDAwMDAwMDAwMH0sInNjaGVtYV92ZXJzaW9uIjoiNiJ9",
          "dependencies": [
            "module.vpc.google_compute_network.main",
            "module.vpc.google_compute_subnetwork.public"
          ]
        }
      ]
    },
    {
      "module": "module.iam",
      "mode": "managed",
      "type": "google_project_iam_member",
      "name": "ansible_os_admin_login",
      "provider": "provider[\"registry.terraform.io/hashicorp/google\"]",
      "instances": [
        {
          "schema_version": 0,
          "attributes": {
            "condition": [],
            "etag": "BwZRy7W1GVk=",
            "id": "todo-app-496222/roles/compute.instanceAdmin.v1/serviceAccount:jenkins-project-dev-sa@todo-app-496222.iam.gserviceaccount.com",
            "member": "serviceAccount:jenkins-project-dev-sa@todo-app-496222.iam.gserviceaccount.com",
            "project": "todo-app-496222",
            "role": "roles/compute.instanceAdmin.v1"
          },
          "sensitive_attributes": [],
          "identity_schema_version": 0,
          "private": "bnVsbA==",
          "dependencies": [
            "module.iam.google_service_account.ansible"
          ]
        }
      ]
    },
    {
      "module": "module.iam",
      "mode": "managed",
      "type": "google_project_iam_member",
      "name": "ansible_os_login",
      "provider": "provider[\"registry.terraform.io/hashicorp/google\"]",
      "instances": [
        {
          "schema_version": 0,
          "attributes": {
            "condition": [],
            "etag": "BwZRy7W1GVk=",
            "id": "todo-app-496222/roles/compute.osLogin/serviceAccount:jenkins-project-dev-sa@todo-app-496222.iam.gserviceaccount.com",
            "member": "serviceAccount:jenkins-project-dev-sa@todo-app-496222.iam.gserviceaccount.com",
            "project": "todo-app-496222",
            "role": "roles/compute.osLogin"
          },
          "sensitive_attributes": [],
          "identity_schema_version": 0,
          "private": "bnVsbA==",
          "dependencies": [
            "module.iam.google_service_account.ansible"
          ]
        }
      ]
    },
    {
      "module": "module.iam",
      "mode": "managed",
      "type": "google_service_account",
      "name": "ansible",
      "provider": "provider[\"registry.terraform.io/hashicorp/google\"]",
      "instances": [
        {
          "schema_version": 0,
          "attributes": {
            "account_id": "jenkins-project-dev-sa",
            "create_ignore_already_exists": null,
            "description": "",
            "disabled": false,
            "display_name": "Service Account for jenkins-project in dev",
            "email": "jenkins-project-dev-sa@todo-app-496222.iam.gserviceaccount.com",
            "id": "projects/todo-app-496222/serviceAccounts/jenkins-project-dev-sa@todo-app-496222.iam.gserviceaccount.com",
            "member": "serviceAccount:jenkins-project-dev-sa@todo-app-496222.iam.gserviceaccount.com",
            "name": "projects/todo-app-496222/serviceAccounts/jenkins-project-dev-sa@todo-app-496222.iam.gserviceaccount.com",
            "project": "todo-app-496222",
            "timeouts": null,
            "unique_id": "102199856556449825336"
          },
          "sensitive_attributes": [],
          "identity_schema_version": 0,
          "private": "eyJlMmJmYjczMC1lY2FhLTExZTYtOGY4OC0zNDM2M2JjN2M0YzAiOnsiY3JlYXRlIjozMDAwMDAwMDAwMDB9fQ=="
        }
      ]
    },
    {
      "module": "module.iam",
      "mode": "managed",
      "type": "google_service_account_key",
      "name": "ansible_key",
      "provider": "provider[\"registry.terraform.io/hashicorp/google\"]",
      "instances": [
        {
          "schema_version": 0,
          "attributes": {
            "id": "projects/todo-app-496222/serviceAccounts/jenkins-project-dev-sa@todo-app-496222.iam.gserviceaccount.com/keys/945e0d9ce3594a4247dbed42b878407a58064453",
            "keepers": null,
            "key_algorithm": "KEY_ALG_RSA_2048",
            "name": "projects/todo-app-496222/serviceAccounts/jenkins-project-dev-sa@todo-app-496222.iam.gserviceaccount.com/keys/945e0d9ce3594a4247dbed42b878407a58064453",
            "private_key": "ewogICJ0eXBlIjogInNlcnZpY2VfYWNjb3VudCIsCiAgInByb2plY3RfaWQiOiAidG9kby1hcHAtNDk2MjIyIiwKICAicHJpdmF0ZV9rZXlfaWQiOiAiOTQ1ZTBkOWNlMzU5NGE0MjQ3ZGJlZDQyYjg3ODQwN2E1ODA2NDQ1MyIsCiAgInByaXZhdGVfa2V5IjogIi0tLS0tQkVHSU4gUFJJVkFURSBLRVktLS0tLVxuTUlJRXZnSUJBREFOQmdrcWhraUc5dzBCQVFFRkFBU0NCS2d3Z2dTa0FnRUFBb0lCQVFEa2Q2SHZ0UFNTZGJBQVxuTC9OZkF4VGhKMlplRmc4QkFFSkh5QllOOWJSUWhlR0lFWStFYnBhaFdUR05aaUV5MnpST1R1NzhMRUFSZU9FcVxuRS9weGg5ZnhRdlo5MFRoV0dRVjc4b2xLZGs1a2hpYVBJcm9vd2VTMEdFQWJGTUxoVEZEMDdGK3l0dHMzT1RnRFxuTnB3TlFjbzRzeS9yM2NFNEdwTnhRcm42WC9WMTNsS2ZTSm41OGhqdXlSSkhVNXI2MWsrSVFNclFIU0JIeTltWlxuNjVDdFRBTXZuQUxzdDdWVWVkeWw4dHIzNTFoTWlzQXNsZnVJaXloS3VqNjZRd3A1a0t3N0ZFTlN6LzJaSFpWWVxuSG9IR3RORkRTMFFTVGRVVFNodDdTOXp4ODlIV0Zwc1hzQWtlbVE3REpvNlJSYlFWMWtvOXluTk1pSldXckJwZFxuMWtSUzk3bmxBZ01CQUFFQ2dnRUFEWlZoVHVleTNOeGJiUDlzMkZyT0RIN3pzcWRjR0FLa2JqRWl3b3kzdmt2ZlxuZDJBWDZOZE1aR1p4c0VjQXRVM2NJOFhFcHNDWXhKRXJ6ZjBuR0VYcjNGL1BXUGF1QTB4MGk0U0ZqaVJQaitGN1xuL0dtanFOV3lXOVRQUnV6cWswdWV5cGtkTFhwNnVTTlJSYnVpOXBUUlNhSzV1Q3ZVbDVuWTUxU0F5emFXV1A0VVxucGtyK3BSL3BnNmZJOU8wTFFOYm9NejVna01kSnkwNzBUeUtNd0ZOZFNER040azNaME01UUZReW9VR2dzeTI1bVxudERoOCtLUXAvaXVLUSt4TTBFQzFnUHZHdFRoSm5WSEdzRWoxWDVoaEVPV3MxRVlNQ3JVM2d0dk5yamtqZHhCOVxuYnEycm1BTERBaTVhdi9CNEJFeXBNQk9pRkxwc1dqaHUwSy9OVnloYXdRS0JnUUQzekVoNkJHeW9pMUxNUkN6cFxuUmszaDk5RTQxbXllSWxJdTFwd0E0MUppMzMxcUFMMUx4L292UUM5anJkREtJWFA4YUlFK1JEU2d2QXg2Si9UZ1xuNjFXK2poRGxBVFd2THFYMzIra01PZEtqWjdYUDZpQmRVYm1jYWd6bldvUU9jWnRhRUR5QytvZmVtNWV2c0lKV1xuU0NpRnZsdFp4SGltRUhlLzVXM3RwVUZSQlFLQmdRRHNCNDBPTGV2QjgxdXd3c3hIZWRvd1l6cXBVa3VuZFNjc1xuU05yem9OYmRKYmlQWjVQSDh3eElYQ2ZVNkZ3dklGV0lPOWJuTE03N1RIdmZlbUxnQ0trZmovU1N4OHdlSnZlNlxueUlya1FGT1JGRlV2TE9JZlBkR29CcjhCakJVVnUrNWNVUDdqZlJtaEdMZ0pSSnplZmZrWDY5RmdaZVhoNGMzc1xudmxabWxLS2JZUUtCZ0hXUFlVTWlIanJIL253U1RBeFA0bHMyS3ZpQUlmL1Q0SkdBRjNzRVhlMnlnZGxzaUdJUFxuZWM0NDhVS2xEODBWbWVWQjN5OGZSS2lORG81VnJvT1dvcE5JNnhMNlEvSGNlN2pmaCt6WThlbThKakdCcmVFWVxuQ0tzQVZTYmRkcEV6ckxSSng2dU1HREd3TjRLT2h3ZFFMSWxuQ2dmSWdrU213Mmt5KzdnbkVwblJBb0dCQUxtUVxuMGpoVXFDY3JNbXBOTEpnQldDWjB6Vmp6NTZEM2ZWM1d4YldIUFlaT3NzU2tOVTZkYW9tMVVtZVVhMjF0cVhGYlxuUW9Fci9Hc2NYY044a0NIOURTSlFab1BENjFuRlh6ME5rQTBWK2QxMU0rZk1ETmR0SGRsUnZIZjE3MW5RRC8ycVxuZkVyVVB3TWwwUU1RVzVpZFIrcWpyMUJ2cklXanB1ZTdXV2g2OFVEaEFvR0JBSkFKT0ZKZW5Qd2NVU0RyT0hOSVxuZEtJcTdNUVg3ZURsUkRyVGtZTHllMnE2Y1Ftbzl6QiszKzByYkF0WEFMcktFczZhR1Ixc2lQdlJ6cytmRlJxeVxuMkJxS0taK0VDckszMmhJbGZPNVZsWEJtUG9VWi9vMllCamVkV2VNUFdVZjdUY3B4MlliUWtwczJMTXpHdWpaNFxuNXVMUUpZeTYvZVhVcFhNbTFFU0JZRHFQXG4tLS0tLUVORCBQUklWQVRFIEtFWS0tLS0tXG4iLAogICJjbGllbnRfZW1haWwiOiAiamVua2lucy1wcm9qZWN0LWRldi1zYUB0b2RvLWFwcC00OTYyMjIuaWFtLmdzZXJ2aWNlYWNjb3VudC5jb20iLAogICJjbGllbnRfaWQiOiAiMTAyMTk5ODU2NTU2NDQ5ODI1MzM2IiwKICAiYXV0aF91cmkiOiAiaHR0cHM6Ly9hY2NvdW50cy5nb29nbGUuY29tL28vb2F1dGgyL2F1dGgiLAogICJ0b2tlbl91cmkiOiAiaHR0cHM6Ly9vYXV0aDIuZ29vZ2xlYXBpcy5jb20vdG9rZW4iLAogICJhdXRoX3Byb3ZpZGVyX3g1MDlfY2VydF91cmwiOiAiaHR0cHM6Ly93d3cuZ29vZ2xlYXBpcy5jb20vb2F1dGgyL3YxL2NlcnRzIiwKICAiY2xpZW50X3g1MDlfY2VydF91cmwiOiAiaHR0cHM6Ly93d3cuZ29vZ2xlYXBpcy5jb20vcm9ib3QvdjEvbWV0YWRhdGEveDUwOS9qZW5raW5zLXByb2plY3QtZGV2LXNhJTQwdG9kby1hcHAtNDk2MjIyLmlhbS5nc2VydmljZWFjY291bnQuY29tIiwKICAidW5pdmVyc2VfZG9tYWluIjogImdvb2dsZWFwaXMuY29tIgp9Cg==",
            "private_key_type": "TYPE_GOOGLE_CREDENTIALS_FILE",
            "public_key": "LS0tLS1CRUdJTiBDRVJUSUZJQ0FURS0tLS0tCk1JSUMvRENDQWVTZ0F3SUJBZ0lJSy9DbmxKbU5IR1l3RFFZSktvWklodmNOQVFFRkJRQXdJREVlTUJ3R0ExVUUKQXd3Vk1UQXlNVGs1T0RVMk5UVTJORFE1T0RJMU16TTJNQ0FYRFRJMk1EVXhOREU1TURBeU5Wb1lEems1T1RreApNak14TWpNMU9UVTVXakFnTVI0d0hBWURWUVFEREJVeE1ESXhPVGs0TlRZMU5UWTBORGs0TWpVek16WXdnZ0VpCk1BMEdDU3FHU0liM0RRRUJBUVVBQTRJQkR3QXdnZ0VLQW9JQkFRRGtkNkh2dFBTU2RiQUFML05mQXhUaEoyWmUKRmc4QkFFSkh5QllOOWJSUWhlR0lFWStFYnBhaFdUR05aaUV5MnpST1R1NzhMRUFSZU9FcUUvcHhoOWZ4UXZaOQowVGhXR1FWNzhvbEtkazVraGlhUElyb293ZVMwR0VBYkZNTGhURkQwN0YreXR0czNPVGdETnB3TlFjbzRzeS9yCjNjRTRHcE54UXJuNlgvVjEzbEtmU0puNThoanV5UkpIVTVyNjFrK0lRTXJRSFNCSHk5bVo2NUN0VEFNdm5BTHMKdDdWVWVkeWw4dHIzNTFoTWlzQXNsZnVJaXloS3VqNjZRd3A1a0t3N0ZFTlN6LzJaSFpWWUhvSEd0TkZEUzBRUwpUZFVUU2h0N1M5eng4OUhXRnBzWHNBa2VtUTdESm82UlJiUVYxa285eW5OTWlKV1dyQnBkMWtSUzk3bmxBZ01CCkFBR2pPREEyTUF3R0ExVWRFd0VCL3dRQ01BQXdEZ1lEVlIwUEFRSC9CQVFEQWdlQU1CWUdBMVVkSlFFQi93UU0KTUFvR0NDc0dBUVVGQndNQ01BMEdDU3FHU0liM0RRRUJCUVVBQTRJQkFRQ29CZHBpUGZobmZIa1JBVHVWSVE0bgpVa3ZWZll1UG1vRmkrbVQ1NkMySTg4UzFiWWlnRTV2eWQzUHp1RU03eEdsU1B6RnF2aTBDNlN4VXE4QWk1ZU00CnRGL2Q3UzNXUHNnbWt4VkJQR2F4UFVaMzVpU0JsNHZqazA3aURZVnZTakp1WnI3TGZsZWQ4Tk9ZQ29vdzRzYUQKMjdNb1NPbzdhNU5HYWpFTGFUWW5MOVptM1BDaDFDdVFyNnBMUWh3eGJOSlRSRXI2Zzd3WGNyUVBud0Z6VW5VNgpjeG4rTFdQZ1hpbWVlQ3drb0wrYWFZRWgrRFFYRml1dG1HdWFwTEZGZTA5TnByWk1ybHhaRmFlUWZHbXpPenZJCjBOVFdzSElKRzVoNGwwU3V0UFVMTXZyUE4rTE9ENWw2K0UzRlRoOUlGcmxlcklOR2V4UUdzeURBZW82alhZWVQKLS0tLS1FTkQgQ0VSVElGSUNBVEUtLS0tLQo=",
            "public_key_data": null,
            "public_key_type": "TYPE_X509_PEM_FILE",
            "service_account_id": "projects/todo-app-496222/serviceAccounts/jenkins-project-dev-sa@todo-app-496222.iam.gserviceaccount.com",
            "valid_after": "2026-05-14T19:00:25Z",
            "valid_before": "9999-12-31T23:59:59Z"
          },
          "sensitive_attributes": [
            [
              {
                "type": "get_attr",
                "value": "private_key"
              }
            ]
          ],
          "identity_schema_version": 0,
          "private": "bnVsbA==",
          "dependencies": [
            "module.iam.google_service_account.ansible"
          ]
        }
      ]
    },
    {
      "module": "module.security_groups",
      "mode": "managed",
      "type": "google_compute_firewall",
      "name": "allow_app",
      "provider": "provider[\"registry.terraform.io/hashicorp/google\"]",
      "instances": [
        {
          "schema_version": 1,
          "attributes": {
            "allow": [
              {
                "ports": [
                  "8000"
                ],
                "protocol": "tcp"
              }
            ],
            "creation_timestamp": "2026-05-14T12:00:23.170-07:00",
            "deny": [],
            "description": "Allow FastAPI application traffic",
            "destination_ranges": [],
            "direction": "INGRESS",
            "disabled": false,
            "enable_logging": null,
            "id": "projects/todo-app-496222/global/firewalls/jenkins-project-dev-allow-app",
            "log_config": [],
            "name": "jenkins-project-dev-allow-app",
            "network": "https://www.googleapis.com/compute/v1/projects/todo-app-496222/global/networks/jenkins-project-network-dev",
            "priority": 1000,
            "project": "todo-app-496222",
            "self_link": "https://www.googleapis.com/compute/v1/projects/todo-app-496222/global/firewalls/jenkins-project-dev-allow-app",
            "source_ranges": [
              "0.0.0.0/0"
            ],
            "source_service_accounts": null,
            "source_tags": null,
            "target_service_accounts": null,
            "target_tags": [
              "app"
            ],
            "timeouts": null
          },
          "sensitive_attributes": [],
          "identity_schema_version": 0,
          "private": "eyJlMmJmYjczMC1lY2FhLTExZTYtOGY4OC0zNDM2M2JjN2M0YzAiOnsiY3JlYXRlIjoxMjAwMDAwMDAwMDAwLCJkZWxldGUiOjEyMDAwMDAwMDAwMDAsInVwZGF0ZSI6MTIwMDAwMDAwMDAwMH0sInNjaGVtYV92ZXJzaW9uIjoiMSJ9",
          "dependencies": [
            "module.vpc.google_compute_network.main"
          ]
        }
      ]
    },
    {
      "module": "module.security_groups",
      "mode": "managed",
      "type": "google_compute_firewall",
      "name": "allow_jenkins",
      "provider": "provider[\"registry.terraform.io/hashicorp/google\"]",
      "instances": [
        {
          "schema_version": 1,
          "attributes": {
            "allow": [
              {
                "ports": [
                  "8080"
                ],
                "protocol": "tcp"
              }
            ],
            "creation_timestamp": "2026-05-14T12:00:23.160-07:00",
            "deny": [],
            "description": "Allow Jenkins access from specific IPs",
            "destination_ranges": [],
            "direction": "INGRESS",
            "disabled": false,
            "enable_logging": null,
            "id": "projects/todo-app-496222/global/firewalls/jenkins-project-dev-allow-jenkins",
            "log_config": [],
            "name": "jenkins-project-dev-allow-jenkins",
            "network": "https://www.googleapis.com/compute/v1/projects/todo-app-496222/global/networks/jenkins-project-network-dev",
            "priority": 1000,
            "project": "todo-app-496222",
            "self_link": "https://www.googleapis.com/compute/v1/projects/todo-app-496222/global/firewalls/jenkins-project-dev-allow-jenkins",
            "source_ranges": [
              "0.0.0.0/0"
            ],
            "source_service_accounts": null,
            "source_tags": null,
            "target_service_accounts": null,
            "target_tags": [
              "jenkins"
            ],
            "timeouts": null
          },
          "sensitive_attributes": [],
          "identity_schema_version": 0,
          "private": "eyJlMmJmYjczMC1lY2FhLTExZTYtOGY4OC0zNDM2M2JjN2M0YzAiOnsiY3JlYXRlIjoxMjAwMDAwMDAwMDAwLCJkZWxldGUiOjEyMDAwMDAwMDAwMDAsInVwZGF0ZSI6MTIwMDAwMDAwMDAwMH0sInNjaGVtYV92ZXJzaW9uIjoiMSJ9",
          "dependencies": [
            "module.vpc.google_compute_network.main"
          ]
        }
      ]
    },
    {
      "module": "module.security_groups",
      "mode": "managed",
      "type": "google_compute_firewall",
      "name": "allow_outbound",
      "provider": "provider[\"registry.terraform.io/hashicorp/google\"]",
      "instances": [
        {
          "schema_version": 1,
          "attributes": {
            "allow": [
              {
                "ports": [],
                "protocol": "all"
              }
            ],
            "creation_timestamp": "2026-05-14T12:00:23.280-07:00",
            "deny": [],
            "description": "Allow all outbound traffic",
            "destination_ranges": [
              "0.0.0.0/0"
            ],
            "direction": "EGRESS",
            "disabled": false,
            "enable_logging": null,
            "id": "projects/todo-app-496222/global/firewalls/jenkins-project-dev-allow-outbound",
            "log_config": [],
            "name": "jenkins-project-dev-allow-outbound",
            "network": "https://www.googleapis.com/compute/v1/projects/todo-app-496222/global/networks/jenkins-project-network-dev",
            "priority": 1000,
            "project": "todo-app-496222",
            "self_link": "https://www.googleapis.com/compute/v1/projects/todo-app-496222/global/firewalls/jenkins-project-dev-allow-outbound",
            "source_ranges": null,
            "source_service_accounts": null,
            "source_tags": null,
            "target_service_accounts": null,
            "target_tags": null,
            "timeouts": null
          },
          "sensitive_attributes": [],
          "identity_schema_version": 0,
          "private": "eyJlMmJmYjczMC1lY2FhLTExZTYtOGY4OC0zNDM2M2JjN2M0YzAiOnsiY3JlYXRlIjoxMjAwMDAwMDAwMDAwLCJkZWxldGUiOjEyMDAwMDAwMDAwMDAsInVwZGF0ZSI6MTIwMDAwMDAwMDAwMH0sInNjaGVtYV92ZXJzaW9uIjoiMSJ9",
          "dependencies": [
            "module.vpc.google_compute_network.main"
          ]
        }
      ]
    },
    {
      "module": "module.security_groups",
      "mode": "managed",
      "type": "google_compute_firewall",
      "name": "allow_postgresql",
      "provider": "provider[\"registry.terraform.io/hashicorp/google\"]",
      "instances": [
        {
          "schema_version": 1,
          "attributes": {
            "allow": [
              {
                "ports": [
                  "5432"
                ],
                "protocol": "tcp"
              }
            ],
            "creation_timestamp": "2026-05-14T12:00:23.152-07:00",
            "deny": [],
            "description": "Allow PostgreSQL from app servers only",
            "destination_ranges": [],
            "direction": "INGRESS",
            "disabled": false,
            "enable_logging": null,
            "id": "projects/todo-app-496222/global/firewalls/jenkins-project-dev-allow-postgresql",
            "log_config": [],
            "name": "jenkins-project-dev-allow-postgresql",
            "network": "https://www.googleapis.com/compute/v1/projects/todo-app-496222/global/networks/jenkins-project-network-dev",
            "priority": 1000,
            "project": "todo-app-496222",
            "self_link": "https://www.googleapis.com/compute/v1/projects/todo-app-496222/global/firewalls/jenkins-project-dev-allow-postgresql",
            "source_ranges": null,
            "source_service_accounts": null,
            "source_tags": [
              "app"
            ],
            "target_service_accounts": null,
            "target_tags": [
              "database"
            ],
            "timeouts": null
          },
          "sensitive_attributes": [],
          "identity_schema_version": 0,
          "private": "eyJlMmJmYjczMC1lY2FhLTExZTYtOGY4OC0zNDM2M2JjN2M0YzAiOnsiY3JlYXRlIjoxMjAwMDAwMDAwMDAwLCJkZWxldGUiOjEyMDAwMDAwMDAwMDAsInVwZGF0ZSI6MTIwMDAwMDAwMDAwMH0sInNjaGVtYV92ZXJzaW9uIjoiMSJ9",
          "dependencies": [
            "module.vpc.google_compute_network.main"
          ]
        }
      ]
    },
    {
      "module": "module.security_groups",
      "mode": "managed",
      "type": "google_compute_firewall",
      "name": "allow_ssh",
      "provider": "provider[\"registry.terraform.io/hashicorp/google\"]",
      "instances": [
        {
          "schema_version": 1,
          "attributes": {
            "allow": [
              {
                "ports": [
                  "22"
                ],
                "protocol": "tcp"
              }
            ],
            "creation_timestamp": "2026-05-14T12:00:22.970-07:00",
            "deny": [],
            "description": "Allow SSH access for management",
            "destination_ranges": [],
            "direction": "INGRESS",
            "disabled": false,
            "enable_logging": null,
            "id": "projects/todo-app-496222/global/firewalls/jenkins-project-dev-allow-ssh",
            "log_config": [],
            "name": "jenkins-project-dev-allow-ssh",
            "network": "https://www.googleapis.com/compute/v1/projects/todo-app-496222/global/networks/jenkins-project-network-dev",
            "priority": 1000,
            "project": "todo-app-496222",
            "self_link": "https://www.googleapis.com/compute/v1/projects/todo-app-496222/global/firewalls/jenkins-project-dev-allow-ssh",
            "source_ranges": [
              "0.0.0.0/0"
            ],
            "source_service_accounts": null,
            "source_tags": null,
            "target_service_accounts": null,
            "target_tags": [
              "app"
            ],
            "timeouts": null
          },
          "sensitive_attributes": [],
          "identity_schema_version": 0,
          "private": "eyJlMmJmYjczMC1lY2FhLTExZTYtOGY4OC0zNDM2M2JjN2M0YzAiOnsiY3JlYXRlIjoxMjAwMDAwMDAwMDAwLCJkZWxldGUiOjEyMDAwMDAwMDAwMDAsInVwZGF0ZSI6MTIwMDAwMDAwMDAwMH0sInNjaGVtYV92ZXJzaW9uIjoiMSJ9",
          "dependencies": [
            "module.vpc.google_compute_network.main"
          ]
        }
      ]
    },
    {
      "module": "module.vpc",
      "mode": "managed",
      "type": "google_compute_network",
      "name": "main",
      "provider": "provider[\"registry.terraform.io/hashicorp/google\"]",
      "instances": [
        {
          "schema_version": 0,
          "attributes": {
            "auto_create_subnetworks": false,
            "delete_default_routes_on_create": false,
            "description": "Network for jenkins-project dev",
            "enable_ula_internal_ipv6": false,
            "gateway_ipv4": "",
            "id": "projects/todo-app-496222/global/networks/jenkins-project-network-dev",
            "internal_ipv6_range": "",
            "mtu": 0,
            "name": "jenkins-project-network-dev",
            "network_firewall_policy_enforcement_order": "AFTER_CLASSIC_FIREWALL",
            "numeric_id": "5041421242002548052",
            "project": "todo-app-496222",
            "routing_mode": "REGIONAL",
            "self_link": "https://www.googleapis.com/compute/v1/projects/todo-app-496222/global/networks/jenkins-project-network-dev",
            "timeouts": null
          },
          "sensitive_attributes": [],
          "identity_schema_version": 0,
          "private": "eyJlMmJmYjczMC1lY2FhLTExZTYtOGY4OC0zNDM2M2JjN2M0YzAiOnsiY3JlYXRlIjoxMjAwMDAwMDAwMDAwLCJkZWxldGUiOjEyMDAwMDAwMDAwMDAsInVwZGF0ZSI6MTIwMDAwMDAwMDAwMH19"
        }
      ]
    },
    {
      "module": "module.vpc",
      "mode": "managed",
      "type": "google_compute_router",
      "name": "router",
      "provider": "provider[\"registry.terraform.io/hashicorp/google\"]",
      "instances": [
        {
          "schema_version": 0,
          "attributes": {
            "bgp": [
              {
                "advertise_mode": "DEFAULT",
                "advertised_groups": null,
                "advertised_ip_ranges": [],
                "asn": 64514,
                "identifier_range": "",
                "keepalive_interval": 20
              }
            ],
            "creation_timestamp": "2026-05-14T12:00:23.009-07:00",
            "description": "",
            "encrypted_interconnect_router": false,
            "id": "projects/todo-app-496222/regions/us-central1/routers/jenkins-project-router-dev",
            "name": "jenkins-project-router-dev",
            "network": "https://www.googleapis.com/compute/v1/projects/todo-app-496222/global/networks/jenkins-project-network-dev",
            "project": "todo-app-496222",
            "region": "us-central1",
            "self_link": "https://www.googleapis.com/compute/v1/projects/todo-app-496222/regions/us-central1/routers/jenkins-project-router-dev",
            "timeouts": null
          },
          "sensitive_attributes": [],
          "identity_schema_version": 0,
          "private": "eyJlMmJmYjczMC1lY2FhLTExZTYtOGY4OC0zNDM2M2JjN2M0YzAiOnsiY3JlYXRlIjoxMjAwMDAwMDAwMDAwLCJkZWxldGUiOjEyMDAwMDAwMDAwMDAsInVwZGF0ZSI6MTIwMDAwMDAwMDAwMH19",
          "dependencies": [
            "module.vpc.google_compute_network.main"
          ]
        }
      ]
    },
    {
      "module": "module.vpc",
      "mode": "managed",
      "type": "google_compute_router_nat",
      "name": "nat",
      "provider": "provider[\"registry.terraform.io/hashicorp/google\"]",
      "instances": [
        {
          "schema_version": 0,
          "attributes": {
            "auto_network_tier": "PREMIUM",
            "drain_nat_ips": null,
            "enable_dynamic_port_allocation": false,
            "enable_endpoint_independent_mapping": false,
            "endpoint_types": [
              "ENDPOINT_TYPE_VM"
            ],
            "icmp_idle_timeout_sec": 30,
            "id": "todo-app-496222/us-central1/jenkins-project-router-dev/jenkins-project-nat-dev",
            "log_config": [
              {
                "enable": true,
                "filter": "ERRORS_ONLY"
              }
            ],
            "max_ports_per_vm": 0,
            "min_ports_per_vm": 0,
            "name": "jenkins-project-nat-dev",
            "nat_ip_allocate_option": "AUTO_ONLY",
            "nat_ips": null,
            "project": "todo-app-496222",
            "region": "us-central1",
            "router": "jenkins-project-router-dev",
            "rules": [],
            "source_subnetwork_ip_ranges_to_nat": "ALL_SUBNETWORKS_ALL_IP_RANGES",
            "subnetwork": [],
            "tcp_established_idle_timeout_sec": 1200,
            "tcp_time_wait_timeout_sec": 120,
            "tcp_transitory_idle_timeout_sec": 30,
            "timeouts": null,
            "udp_idle_timeout_sec": 30
          },
          "sensitive_attributes": [],
          "identity_schema_version": 0,
          "private": "eyJlMmJmYjczMC1lY2FhLTExZTYtOGY4OC0zNDM2M2JjN2M0YzAiOnsiY3JlYXRlIjoxMjAwMDAwMDAwMDAwLCJkZWxldGUiOjEyMDAwMDAwMDAwMDAsInVwZGF0ZSI6MTIwMDAwMDAwMDAwMH19",
          "dependencies": [
            "module.vpc.google_compute_network.main",
            "module.vpc.google_compute_router.router"
          ]
        }
      ]
    },
    {
      "module": "module.vpc",
      "mode": "managed",
      "type": "google_compute_subnetwork",
      "name": "public",
      "provider": "provider[\"registry.terraform.io/hashicorp/google\"]",
      "instances": [
        {
          "schema_version": 0,
          "attributes": {
            "creation_timestamp": "2026-05-14T12:00:23.703-07:00",
            "description": "",
            "external_ipv6_prefix": "",
            "fingerprint": null,
            "gateway_address": "10.0.0.1",
            "id": "projects/todo-app-496222/regions/us-central1/subnetworks/jenkins-project-public-subnet-dev",
            "internal_ipv6_prefix": "",
            "ip_cidr_range": "10.0.0.0/18",
            "ipv6_access_type": "",
            "ipv6_cidr_range": "",
            "log_config": [
              {
                "aggregation_interval": "INTERVAL_5_SEC",
                "filter_expr": "true",
                "flow_sampling": 0.5,
                "metadata": "INCLUDE_ALL_METADATA",
                "metadata_fields": null
              }
            ],
            "name": "jenkins-project-public-subnet-dev",
            "network": "https://www.googleapis.com/compute/v1/projects/todo-app-496222/global/networks/jenkins-project-network-dev",
            "private_ip_google_access": true,
            "private_ipv6_google_access": "DISABLE_GOOGLE_ACCESS",
            "project": "todo-app-496222",
            "purpose": "PRIVATE",
            "region": "us-central1",
            "role": "",
            "secondary_ip_range": [],
            "self_link": "https://www.googleapis.com/compute/v1/projects/todo-app-496222/regions/us-central1/subnetworks/jenkins-project-public-subnet-dev",
            "send_secondary_ip_range_if_empty": null,
            "stack_type": "IPV4_ONLY",
            "timeouts": null
          },
          "sensitive_attributes": [],
          "identity_schema_version": 0,
          "private": "eyJlMmJmYjczMC1lY2FhLTExZTYtOGY4OC0zNDM2M2JjN2M0YzAiOnsiY3JlYXRlIjoxMjAwMDAwMDAwMDAwLCJkZWxldGUiOjEyMDAwMDAwMDAwMDAsInVwZGF0ZSI6MTIwMDAwMDAwMDAwMH19",
          "dependencies": [
            "module.vpc.google_compute_network.main"
          ]
        }
      ]
    }
  ],
  "check_results": [
    {
      "object_kind": "var",
      "config_addr": "module.vpc.var.network_cidr",
      "status": "pass",
      "objects": [
        {
          "object_addr": "module.vpc.var.network_cidr",
          "status": "pass"
        }
      ]
    },
    {
      "object_kind": "var",
      "config_addr": "module.compute_app.var.machine_type",
      "status": "pass",
      "objects": [
        {
          "object_addr": "module.compute_app.var.machine_type",
          "status": "pass"
        }
      ]
    },
    {
      "object_kind": "var",
      "config_addr": "module.compute_app.var.instance_role",
      "status": "pass",
      "objects": [
        {
          "object_addr": "module.compute_app.var.instance_role",
          "status": "pass"
        }
      ]
    },
    {
      "object_kind": "var",
      "config_addr": "module.compute_app.var.boot_disk_size",
      "status": "pass",
      "objects": [
        {
          "object_addr": "module.compute_app.var.boot_disk_size",
          "status": "pass"
        }
      ]
    },
    {
      "object_kind": "var",
      "config_addr": "module.compute_jenkins.var.machine_type",
      "status": "pass",
      "objects": [
        {
          "object_addr": "module.compute_jenkins.var.machine_type",
          "status": "pass"
        }
      ]
    },
    {
      "object_kind": "var",
      "config_addr": "module.compute_jenkins.var.instance_role",
      "status": "pass",
      "objects": [
        {
          "object_addr": "module.compute_jenkins.var.instance_role",
          "status": "pass"
        }
      ]
    },
    {
      "object_kind": "var",
      "config_addr": "module.compute_jenkins.var.boot_disk_size",
      "status": "pass",
      "objects": [
        {
          "object_addr": "module.compute_jenkins.var.boot_disk_size",
          "status": "pass"
        }
      ]
    }
  ]
}
