{
  "version": 4,
  "terraform_version": "1.12.2",
  "serial": 102,
  "lineage": "33971ec8-fbae-9435-a46d-6c95e582cff4",
  "outputs": {
    "ansible_sa_email": {
      "value": "jenkins-project-dev-sa@todo-app-496222.iam.gserviceaccount.com",
      "type": "string"
    },
    "ansible_sa_key": {
      "value": "ewogICJ0eXBlIjogInNlcnZpY2VfYWNjb3VudCIsCiAgInByb2plY3RfaWQiOiAidG9kby1hcHAtNDk2MjIyIiwKICAicHJpdmF0ZV9rZXlfaWQiOiAiMzI1MGJiZDIxZWEwODk2OWIwYmUxOGJmN2NlZDliMzE1YmE1NWY0NiIsCiAgInByaXZhdGVfa2V5IjogIi0tLS0tQkVHSU4gUFJJVkFURSBLRVktLS0tLVxuTUlJRXZRSUJBREFOQmdrcWhraUc5dzBCQVFFRkFBU0NCS2N3Z2dTakFnRUFBb0lCQVFEcUZZTjVrVjJuMXU4R1xuL1BqSlc0L0RVK05icDhGNDdIRXRIMFE4TVlUMUk0Yks2bXMxdjlGaXU5NU43V1NoZFZ6U09SSFMzWVE4S3pGQ1xuUXhncU9YOUZiRXNJTTBCYks5eU5yajlqWm5hU2MrSjlQZUhENDNEaDg4a0dTYnU1RGx2VStBVGZkMFdrS0JYaFxuRFZCRnppcEh6ck1CYWg0dS85NEtPcWhVekFCcFJBaElIcUx6cHZ2MitIVGVtdE82R21LRWE2aUtjd1hyZzhoK1xuS3hKSlJrWWRYMWZoSitSdytsMVpLT0Z2a1BUbFp4OHNkOCtBUmJTaVRmejV6cEtTQ24wNHhtbVFMclFMUXVST1xuNzhwSCtVa2VSQ0VqdCtqbTZpM2wyKzBodzJ2ZFQxRnl3dHRWUXhIMlBhTXcyb0xJOHRFcVYraDAxQlFXNE10aFxudFFHZDdtc0RBZ01CQUFFQ2dnRUFUTTdDVlNGZG1iVHN1VjVJUThuSFlsQWtTZTdCak93SU5zWUxuYlNoNjgyOFxuYk5oK1ZTU2JqOG9WSjN5OWlEejZPQUNCMks3V3RPZDNRa2JCcHhrMnFaRGZEZEhEVENjWU4yVDFaNmczUDliR1xuZWxIVHduTGVsMFZtc0ttQTd6Zkc2aHAzZnR1ai9qa285SzlwcDMzK1laRnhLd1dtNGNVVEZrZ284Nm44ZUkwNVxuZWV1aERpU2RMNGxQVDhjSVB5NlJrREpZbS9qbTZHLzVlcHdFeGdxYWVacGh1alN1WHZqK1lHWlprbDk5bWRoa1xuSjVrcFVZNGlsZDZzT21iMFF0a3E5ajRXaUhJWWRBRGNRR1dwbDFxR3NLVTl0UEtCcHBDOUJNSG5PQTMwalFKQVxucEVZYWZmN3Bta1V2Ym9FNVZvL2ZmWmtFRjhLTlcvZGh1V0ZSejd4QUFRS0JnUUQ2YmdyZTlBY3Z1Mm14ZlJBaFxuV1JrMlpqZWdrMWx6YUt6ZkxrMXEzVUdIeVQyYXBRdWwxSHBqRk1UL09nS1E3RzdqRVoxVFRQd1pITDhzZm1BV1xuN1BrcXZjMnlXWkpXbVZ0NlZoU3VSbGRHSTVMSmFEa0ZuYThHMUlQekh0UUx5UHV5MkJvbmtuWkUweWp5eFd4QVxuNWZoVnhyeWVZelc3Z0RYNUtwZkprOHEvYVFLQmdRRHZTbVc2N2doc3dUSFRGUlhXNEZvZHFBKzhYYitpSFR2WFxuUi8ycFRWdjV0UWEvUm9LZVlKcExmUmlHM2dVT3QvSXAwYjRYNGQyTzV4RVRPelFGMEZZY002QXV3U3k4T3I3V1xuNk5WR3RXU3ptN0dOaEJDR0NRTWNKU3FBTGJzSTVyaktWZ0hjRjlTMSt1ZWZDdG41T1BiS2Q0RmRURFRDNUZNNlxueHhQeFhFSDFpd0tCZ0JCVDltOTg5Njc4Q0RNalZWYm5TVWFMdVpyRm9MSnVvNzdWZFFTL3NsTVpJdVFmV0xnU1xuTjN5WVVSUFhBMjNSakpWUGc3TjN0SVFxcEtoUkFSRGRtSTFaM0x5QkxKSnE0MVVCb2MyUEZvZWpNQ0hqb3J3a1xuQU5Kd0xyNCtSMU1SWXAvUmlUc0ZTS0xLSmNSV2JPMTZVUXUrcm5PaFFsS2NWR2lQaDJBRU85YnBBb0dCQU9JclxuQ0dJWkQzOXpUdHQ2cDJ5MEdwakRPelJIeTVPM1c5TUxxVFoyOXNMYWxpajl4UUZhdnhzd2Zwa2lpZGN5aDBGOVxuaTlWWTF5ZDFRSTlUdXNUditDT3BxL0hsQlpwWFQvOGlqRXJMc2dXTTE5R3hERWtUaFl2NW1PVVQxQjhDcTVBYVxub0tGZEtPQmo2TDVLN0dFQnRVa0NrUlFVcmgyeTN2UEVMQlpKbzlJbkFvR0FZMGVpVmVoK2dEdzVvZGdzeEo2WVxucHVWcTNCbEpwVzZXWEpUYUJJTU5WRSswWHp5WmxYREpTdDNiMEIrWkk4aEwwelVyazNCWFlsRVpmODJndmR0QVxubjk1SzliME0rSlZ6cEZUVDlyVExkajU2UVg0eWFBaTg3WjVBbFQ3NlUvb3RlVmV6RC9meFBOZmRQbVkrRFhCRlxuZjZsUEhoMkdZb3BOOFpENGZzSGp6YWc9XG4tLS0tLUVORCBQUklWQVRFIEtFWS0tLS0tXG4iLAogICJjbGllbnRfZW1haWwiOiAiamVua2lucy1wcm9qZWN0LWRldi1zYUB0b2RvLWFwcC00OTYyMjIuaWFtLmdzZXJ2aWNlYWNjb3VudC5jb20iLAogICJjbGllbnRfaWQiOiAiMTE1NTI2NzU1Mzg5ODQxNzMxNzUxIiwKICAiYXV0aF91cmkiOiAiaHR0cHM6Ly9hY2NvdW50cy5nb29nbGUuY29tL28vb2F1dGgyL2F1dGgiLAogICJ0b2tlbl91cmkiOiAiaHR0cHM6Ly9vYXV0aDIuZ29vZ2xlYXBpcy5jb20vdG9rZW4iLAogICJhdXRoX3Byb3ZpZGVyX3g1MDlfY2VydF91cmwiOiAiaHR0cHM6Ly93d3cuZ29vZ2xlYXBpcy5jb20vb2F1dGgyL3YxL2NlcnRzIiwKICAiY2xpZW50X3g1MDlfY2VydF91cmwiOiAiaHR0cHM6Ly93d3cuZ29vZ2xlYXBpcy5jb20vcm9ib3QvdjEvbWV0YWRhdGEveDUwOS9qZW5raW5zLXByb2plY3QtZGV2LXNhJTQwdG9kby1hcHAtNDk2MjIyLmlhbS5nc2VydmljZWFjY291bnQuY29tIiwKICAidW5pdmVyc2VfZG9tYWluIjogImdvb2dsZWFwaXMuY29tIgp9Cg==",
      "type": "string",
      "sensitive": true
    },
    "ansible_sa_unique_id": {
      "value": "115526755389841731751",
      "type": "string"
    },
    "instance_external_ip": {
      "value": "34.60.13.8",
      "type": "string"
    },
    "instance_name": {
      "value": "jenkins-project-dev-app-instance",
      "type": "string"
    },
    "jenkins_external_ip": {
      "value": "146.148.62.133",
      "type": "string"
    },
    "network_name": {
      "value": "jenkins-project-network-dev",
      "type": "string"
    },
    "subnet_name": {
      "value": "jenkins-project-public-subnet-dev",
      "type": "string"
    }
  },
  "resources": [
    {
      "module": "module.compute_app",
      "mode": "managed",
      "type": "google_compute_instance",
      "name": "app_instance",
      "provider": "provider[\"registry.terraform.io/hashicorp/google\"]",
      "instances": [
        {
          "schema_version": 6,
          "attributes": {
            "advanced_machine_features": [],
            "allow_stopping_for_update": null,
            "attached_disk": [],
            "boot_disk": [
              {
                "auto_delete": true,
                "device_name": "persistent-disk-0",
                "disk_encryption_key_raw": "",
                "disk_encryption_key_sha256": "",
                "initialize_params": [
                  {
                    "enable_confidential_compute": false,
                    "image": "https://www.googleapis.com/compute/v1/projects/ubuntu-os-cloud/global/images/ubuntu-2204-jammy-v20260504",
                    "labels": {},
                    "provisioned_iops": 0,
                    "provisioned_throughput": 0,
                    "resource_manager_tags": {},
                    "size": 20,
                    "storage_pool": "",
                    "type": "pd-standard"
                  }
                ],
                "kms_key_self_link": "",
                "mode": "READ_WRITE",
                "source": "https://www.googleapis.com/compute/v1/projects/todo-app-496222/zones/us-central1-a/disks/jenkins-project-dev-app-instance"
              }
            ],
            "can_ip_forward": false,
            "confidential_instance_config": [],
            "cpu_platform": "Intel Broadwell",
            "current_status": "RUNNING",
            "deletion_protection": false,
            "description": "",
            "desired_status": null,
            "effective_labels": {
              "environment": "dev",
              "managed_by": "terraform",
              "module": "compute",
              "name": "jenkins-project-dev-app-instance",
              "project": "jenkins-project",
              "role": "app"
            },
            "enable_display": false,
            "guest_accelerator": [],
            "hostname": "",
            "id": "projects/todo-app-496222/zones/us-central1-a/instances/jenkins-project-dev-app-instance",
            "instance_id": "1841122036079575744",
            "label_fingerprint": "yOPglyQoR_M=",
            "labels": {
              "environment": "dev",
              "managed_by": "terraform",
              "module": "compute",
              "name": "jenkins-project-dev-app-instance",
              "project": "jenkins-project",
              "role": "app"
            },
            "machine_type": "e2-micro",
            "metadata": {
              "enable-oslogin": "TRUE"
            },
            "metadata_fingerprint": "L67OUkgyy3s=",
            "metadata_startup_script": null,
            "min_cpu_platform": "",
            "name": "jenkins-project-dev-app-instance",
            "network_interface": [
              {
                "access_config": [
                  {
                    "nat_ip": "34.60.13.8",
                    "network_tier": "PREMIUM",
                    "public_ptr_domain_name": ""
                  }
                ],
                "alias_ip_range": [],
                "internal_ipv6_prefix_length": 0,
                "ipv6_access_config": [],
                "ipv6_access_type": "",
                "ipv6_address": "",
                "name": "nic0",
                "network": "https://www.googleapis.com/compute/v1/projects/todo-app-496222/global/networks/jenkins-project-network-dev",
                "network_ip": "10.0.0.3",
                "nic_type": "",
                "queue_count": 0,
                "stack_type": "IPV4_ONLY",
                "subnetwork": "https://www.googleapis.com/compute/v1/projects/todo-app-496222/regions/us-central1/subnetworks/jenkins-project-public-subnet-dev",
                "subnetwork_project": "todo-app-496222"
              }
            ],
            "network_performance_config": [],
            "params": [],
            "project": "todo-app-496222",
            "reservation_affinity": [],
            "resource_policies": [],
            "scheduling": [
              {
                "automatic_restart": true,
                "instance_termination_action": "",
                "local_ssd_recovery_timeout": [],
                "max_run_duration": [],
                "min_node_cpus": 0,
                "node_affinities": [],
                "on_host_maintenance": "MIGRATE",
                "on_instance_stop_action": [],
                "preemptible": false,
                "provisioning_model": "STANDARD"
              }
            ],
            "scratch_disk": [],
            "self_link": "https://www.googleapis.com/compute/v1/projects/todo-app-496222/zones/us-central1-a/instances/jenkins-project-dev-app-instance",
            "service_account": [],
            "shielded_instance_config": [
              {
                "enable_integrity_monitoring": true,
                "enable_secure_boot": false,
                "enable_vtpm": true
              }
            ],
            "tags": [
              "app",
              "terraform"
            ],
            "tags_fingerprint": "5aOQYfglruQ=",
            "terraform_labels": {
              "environment": "dev",
              "managed_by": "terraform",
              "module": "compute",
              "name": "jenkins-project-dev-app-instance",
              "project": "jenkins-project",
              "role": "app"
            },
            "timeouts": null,
            "zone": "us-central1-a"
          },
          "sensitive_attributes": [
            [
              {
                "type": "get_attr",
                "value": "boot_disk"
              },
              {
                "type": "index",
                "value": {
                  "value": 0,
                  "type": "number"
                }
              },
              {
                "type": "get_attr",
                "value": "disk_encryption_key_raw"
              }
            ]
          ],
          "identity_schema_version": 0,
          "private": "eyJlMmJmYjczMC1lY2FhLTExZTYtOGY4OC0zNDM2M2JjN2M0YzAiOnsiY3JlYXRlIjoxMjAwMDAwMDAwMDAwLCJkZWxldGUiOjEyMDAwMDAwMDAwMDAsInVwZGF0ZSI6MTIwMDAwMDAwMDAwMH0sInNjaGVtYV92ZXJzaW9uIjoiNiJ9",
          "dependencies": [
            "module.compute_app.data.google_secret_manager_secret_version.ansible_pub_key",
            "module.iam.google_service_account.ansible",
            "module.vpc.google_compute_network.main",
            "module.vpc.google_compute_subnetwork.public"
          ]
        }
      ]
    },
    {
      "module": "module.compute_jenkins",
      "mode": "managed",
      "type": "google_compute_instance",
      "name": "app_instance",
      "provider": "provider[\"registry.terraform.io/hashicorp/google\"]",
      "instances": [
        {
          "schema_version": 6,
          "attributes": {
            "advanced_machine_features": [],
            "allow_stopping_for_update": null,
            "attached_disk": [],
            "boot_disk": [
              {
                "auto_delete": true,
                "device_name": "persistent-disk-0",
                "disk_encryption_key_raw": "",
                "disk_encryption_key_sha256": "",
                "initialize_params": [
                  {
                    "enable_confidential_compute": false,
                    "image": "https://www.googleapis.com/compute/v1/projects/ubuntu-os-cloud/global/images/ubuntu-2204-jammy-v20260504",
                    "labels": {},
                    "provisioned_iops": 0,
                    "provisioned_throughput": 0,
                    "resource_manager_tags": {},
                    "size": 20,
                    "storage_pool": "",
                    "type": "pd-standard"
                  }
                ],
                "kms_key_self_link": "",
                "mode": "READ_WRITE",
                "source": "https://www.googleapis.com/compute/v1/projects/todo-app-496222/zones/us-central1-a/disks/jenkins-project-dev-jenkins-instance"
              }
            ],
            "can_ip_forward": false,
            "confidential_instance_config": [],
            "cpu_platform": "Intel Broadwell",
            "current_status": "RUNNING",
            "deletion_protection": false,
            "description": "",
            "desired_status": null,
            "effective_labels": {
              "environment": "dev",
              "managed_by": "terraform",
              "module": "compute",
              "name": "jenkins-project-dev-jenkins-instance",
              "project": "jenkins-project",
              "role": "jenkins"
            },
            "enable_display": false,
            "guest_accelerator": [],
            "hostname": "",
            "id": "projects/todo-app-496222/zones/us-central1-a/instances/jenkins-project-dev-jenkins-instance",
            "instance_id": "7391691633444176578",
            "label_fingerprint": "f3hpKlhPUYk=",
            "labels": {
              "environment": "dev",
              "managed_by": "terraform",
              "module": "compute",
              "name": "jenkins-project-dev-jenkins-instance",
              "project": "jenkins-project",
              "role": "jenkins"
            },
            "machine_type": "e2-medium",
            "metadata": {
              "enable-oslogin": "TRUE"
            },
            "metadata_fingerprint": "L67OUkgyy3s=",
            "metadata_startup_script": null,
            "min_cpu_platform": "",
            "name": "jenkins-project-dev-jenkins-instance",
            "network_interface": [
              {
                "access_config": [
                  {
                    "nat_ip": "146.148.62.133",
                    "network_tier": "PREMIUM",
                    "public_ptr_domain_name": ""
                  }
                ],
                "alias_ip_range": [],
                "internal_ipv6_prefix_length": 0,
                "ipv6_access_config": [],
                "ipv6_access_type": "",
                "ipv6_address": "",
                "name": "nic0",
                "network": "https://www.googleapis.com/compute/v1/projects/todo-app-496222/global/networks/jenkins-project-network-dev",
                "network_ip": "10.0.0.2",
                "nic_type": "",
                "queue_count": 0,
                "stack_type": "IPV4_ONLY",
                "subnetwork": "https://www.googleapis.com/compute/v1/projects/todo-app-496222/regions/us-central1/subnetworks/jenkins-project-public-subnet-dev",
                "subnetwork_project": "todo-app-496222"
              }
            ],
            "network_performance_config": [],
            "params": [],
            "project": "todo-app-496222",
            "reservation_affinity": [],
            "resource_policies": [],
            "scheduling": [
              {
                "automatic_restart": true,
                "instance_termination_action": "",
                "local_ssd_recovery_timeout": [],
                "max_run_duration": [],
                "min_node_cpus": 0,
                "node_affinities": [],
                "on_host_maintenance": "MIGRATE",
                "on_instance_stop_action": [],
                "preemptible": false,
                "provisioning_model": "STANDARD"
              }
            ],
            "scratch_disk": [],
            "self_link": "https://www.googleapis.com/compute/v1/projects/todo-app-496222/zones/us-central1-a/instances/jenkins-project-dev-jenkins-instance",
            "service_account": [],
            "shielded_instance_config": [
              {
                "enable_integrity_monitoring": true,
                "enable_secure_boot": false,
                "enable_vtpm": true
              }
            ],
            "tags": [
              "jenkins",
              "terraform"
            ],
            "tags_fingerprint": "JIhp9kPq6to=",
            "terraform_labels": {
              "environment": "dev",
              "managed_by": "terraform",
              "module": "compute",
              "name": "jenkins-project-dev-jenkins-instance",
              "project": "jenkins-project",
              "role": "jenkins"
            },
            "timeouts": null,
            "zone": "us-central1-a"
          },
          "sensitive_attributes": [
            [
              {
                "type": "get_attr",
                "value": "boot_disk"
              },
              {
                "type": "index",
                "value": {
                  "value": 0,
                  "type": "number"
                }
              },
              {
                "type": "get_attr",
                "value": "disk_encryption_key_raw"
              }
            ]
          ],
          "identity_schema_version": 0,
          "private": "eyJlMmJmYjczMC1lY2FhLTExZTYtOGY4OC0zNDM2M2JjN2M0YzAiOnsiY3JlYXRlIjoxMjAwMDAwMDAwMDAwLCJkZWxldGUiOjEyMDAwMDAwMDAwMDAsInVwZGF0ZSI6MTIwMDAwMDAwMDAwMH0sInNjaGVtYV92ZXJzaW9uIjoiNiJ9",
          "dependencies": [
            "module.compute_jenkins.data.google_secret_manager_secret_version.ansible_pub_key",
            "module.iam.google_service_account.ansible",
            "module.vpc.google_compute_network.main",
            "module.vpc.google_compute_subnetwork.public"
          ]
        }
      ]
    },
    {
      "module": "module.iam",
      "mode": "managed",
      "type": "google_project_iam_member",
      "name": "ansible_os_admin_login",
      "provider": "provider[\"registry.terraform.io/hashicorp/google\"]",
      "instances": [
        {
          "schema_version": 0,
          "attributes": {
            "condition": [],
            "etag": "BwZR4YuReBA=",
            "id": "todo-app-496222/roles/compute.instanceAdmin.v1/serviceAccount:jenkins-project-dev-sa@todo-app-496222.iam.gserviceaccount.com",
            "member": "serviceAccount:jenkins-project-dev-sa@todo-app-496222.iam.gserviceaccount.com",
            "project": "todo-app-496222",
            "role": "roles/compute.instanceAdmin.v1"
          },
          "sensitive_attributes": [],
          "identity_schema_version": 0,
          "private": "bnVsbA==",
          "dependencies": [
            "module.iam.google_service_account.ansible"
          ]
        }
      ]
    },
    {
      "module": "module.iam",
      "mode": "managed",
      "type": "google_project_iam_member",
      "name": "ansible_os_login",
      "provider": "provider[\"registry.terraform.io/hashicorp/google\"]",
      "instances": [
        {
          "schema_version": 0,
          "attributes": {
            "condition": [],
            "etag": "BwZR4YuReBA=",
            "id": "todo-app-496222/roles/compute.osLogin/serviceAccount:jenkins-project-dev-sa@todo-app-496222.iam.gserviceaccount.com",
            "member": "serviceAccount:jenkins-project-dev-sa@todo-app-496222.iam.gserviceaccount.com",
            "project": "todo-app-496222",
            "role": "roles/compute.osLogin"
          },
          "sensitive_attributes": [],
          "identity_schema_version": 0,
          "private": "bnVsbA==",
          "dependencies": [
            "module.iam.google_service_account.ansible"
          ]
        }
      ]
    },
    {
      "module": "module.iam",
      "mode": "managed",
      "type": "google_project_iam_member",
      "name": "ansible_secret_accessor",
      "provider": "provider[\"registry.terraform.io/hashicorp/google\"]",
      "instances": [
        {
          "schema_version": 0,
          "attributes": {
            "condition": [],
            "etag": "BwZR4YuReBA=",
            "id": "todo-app-496222/roles/secretmanager.secretAccessor/serviceAccount:jenkins-project-dev-sa@todo-app-496222.iam.gserviceaccount.com",
            "member": "serviceAccount:jenkins-project-dev-sa@todo-app-496222.iam.gserviceaccount.com",
            "project": "todo-app-496222",
            "role": "roles/secretmanager.secretAccessor"
          },
          "sensitive_attributes": [],
          "identity_schema_version": 0,
          "private": "bnVsbA==",
          "dependencies": [
            "module.iam.google_service_account.ansible"
          ]
        }
      ]
    },
    {
      "module": "module.iam",
      "mode": "managed",
      "type": "google_service_account",
      "name": "ansible",
      "provider": "provider[\"registry.terraform.io/hashicorp/google\"]",
      "instances": [
        {
          "schema_version": 0,
          "attributes": {
            "account_id": "jenkins-project-dev-sa",
            "create_ignore_already_exists": null,
            "description": "",
            "disabled": false,
            "display_name": "Service Account for jenkins-project in dev",
            "email": "jenkins-project-dev-sa@todo-app-496222.iam.gserviceaccount.com",
            "id": "projects/todo-app-496222/serviceAccounts/jenkins-project-dev-sa@todo-app-496222.iam.gserviceaccount.com",
            "member": "serviceAccount:jenkins-project-dev-sa@todo-app-496222.iam.gserviceaccount.com",
            "name": "projects/todo-app-496222/serviceAccounts/jenkins-project-dev-sa@todo-app-496222.iam.gserviceaccount.com",
            "project": "todo-app-496222",
            "timeouts": null,
            "unique_id": "115526755389841731751"
          },
          "sensitive_attributes": [],
          "identity_schema_version": 0,
          "private": "eyJlMmJmYjczMC1lY2FhLTExZTYtOGY4OC0zNDM2M2JjN2M0YzAiOnsiY3JlYXRlIjozMDAwMDAwMDAwMDB9fQ=="
        }
      ]
    },
    {
      "module": "module.iam",
      "mode": "managed",
      "type": "google_service_account_key",
      "name": "ansible_key",
      "provider": "provider[\"registry.terraform.io/hashicorp/google\"]",
      "instances": [
        {
          "schema_version": 0,
          "attributes": {
            "id": "projects/todo-app-496222/serviceAccounts/jenkins-project-dev-sa@todo-app-496222.iam.gserviceaccount.com/keys/3250bbd21ea08969b0be18bf7ced9b315ba55f46",
            "keepers": null,
            "key_algorithm": "KEY_ALG_RSA_2048",
            "name": "projects/todo-app-496222/serviceAccounts/jenkins-project-dev-sa@todo-app-496222.iam.gserviceaccount.com/keys/3250bbd21ea08969b0be18bf7ced9b315ba55f46",
            "private_key": "ewogICJ0eXBlIjogInNlcnZpY2VfYWNjb3VudCIsCiAgInByb2plY3RfaWQiOiAidG9kby1hcHAtNDk2MjIyIiwKICAicHJpdmF0ZV9rZXlfaWQiOiAiMzI1MGJiZDIxZWEwODk2OWIwYmUxOGJmN2NlZDliMzE1YmE1NWY0NiIsCiAgInByaXZhdGVfa2V5IjogIi0tLS0tQkVHSU4gUFJJVkFURSBLRVktLS0tLVxuTUlJRXZRSUJBREFOQmdrcWhraUc5dzBCQVFFRkFBU0NCS2N3Z2dTakFnRUFBb0lCQVFEcUZZTjVrVjJuMXU4R1xuL1BqSlc0L0RVK05icDhGNDdIRXRIMFE4TVlUMUk0Yks2bXMxdjlGaXU5NU43V1NoZFZ6U09SSFMzWVE4S3pGQ1xuUXhncU9YOUZiRXNJTTBCYks5eU5yajlqWm5hU2MrSjlQZUhENDNEaDg4a0dTYnU1RGx2VStBVGZkMFdrS0JYaFxuRFZCRnppcEh6ck1CYWg0dS85NEtPcWhVekFCcFJBaElIcUx6cHZ2MitIVGVtdE82R21LRWE2aUtjd1hyZzhoK1xuS3hKSlJrWWRYMWZoSitSdytsMVpLT0Z2a1BUbFp4OHNkOCtBUmJTaVRmejV6cEtTQ24wNHhtbVFMclFMUXVST1xuNzhwSCtVa2VSQ0VqdCtqbTZpM2wyKzBodzJ2ZFQxRnl3dHRWUXhIMlBhTXcyb0xJOHRFcVYraDAxQlFXNE10aFxudFFHZDdtc0RBZ01CQUFFQ2dnRUFUTTdDVlNGZG1iVHN1VjVJUThuSFlsQWtTZTdCak93SU5zWUxuYlNoNjgyOFxuYk5oK1ZTU2JqOG9WSjN5OWlEejZPQUNCMks3V3RPZDNRa2JCcHhrMnFaRGZEZEhEVENjWU4yVDFaNmczUDliR1xuZWxIVHduTGVsMFZtc0ttQTd6Zkc2aHAzZnR1ai9qa285SzlwcDMzK1laRnhLd1dtNGNVVEZrZ284Nm44ZUkwNVxuZWV1aERpU2RMNGxQVDhjSVB5NlJrREpZbS9qbTZHLzVlcHdFeGdxYWVacGh1alN1WHZqK1lHWlprbDk5bWRoa1xuSjVrcFVZNGlsZDZzT21iMFF0a3E5ajRXaUhJWWRBRGNRR1dwbDFxR3NLVTl0UEtCcHBDOUJNSG5PQTMwalFKQVxucEVZYWZmN3Bta1V2Ym9FNVZvL2ZmWmtFRjhLTlcvZGh1V0ZSejd4QUFRS0JnUUQ2YmdyZTlBY3Z1Mm14ZlJBaFxuV1JrMlpqZWdrMWx6YUt6ZkxrMXEzVUdIeVQyYXBRdWwxSHBqRk1UL09nS1E3RzdqRVoxVFRQd1pITDhzZm1BV1xuN1BrcXZjMnlXWkpXbVZ0NlZoU3VSbGRHSTVMSmFEa0ZuYThHMUlQekh0UUx5UHV5MkJvbmtuWkUweWp5eFd4QVxuNWZoVnhyeWVZelc3Z0RYNUtwZkprOHEvYVFLQmdRRHZTbVc2N2doc3dUSFRGUlhXNEZvZHFBKzhYYitpSFR2WFxuUi8ycFRWdjV0UWEvUm9LZVlKcExmUmlHM2dVT3QvSXAwYjRYNGQyTzV4RVRPelFGMEZZY002QXV3U3k4T3I3V1xuNk5WR3RXU3ptN0dOaEJDR0NRTWNKU3FBTGJzSTVyaktWZ0hjRjlTMSt1ZWZDdG41T1BiS2Q0RmRURFRDNUZNNlxueHhQeFhFSDFpd0tCZ0JCVDltOTg5Njc4Q0RNalZWYm5TVWFMdVpyRm9MSnVvNzdWZFFTL3NsTVpJdVFmV0xnU1xuTjN5WVVSUFhBMjNSakpWUGc3TjN0SVFxcEtoUkFSRGRtSTFaM0x5QkxKSnE0MVVCb2MyUEZvZWpNQ0hqb3J3a1xuQU5Kd0xyNCtSMU1SWXAvUmlUc0ZTS0xLSmNSV2JPMTZVUXUrcm5PaFFsS2NWR2lQaDJBRU85YnBBb0dCQU9JclxuQ0dJWkQzOXpUdHQ2cDJ5MEdwakRPelJIeTVPM1c5TUxxVFoyOXNMYWxpajl4UUZhdnhzd2Zwa2lpZGN5aDBGOVxuaTlWWTF5ZDFRSTlUdXNUditDT3BxL0hsQlpwWFQvOGlqRXJMc2dXTTE5R3hERWtUaFl2NW1PVVQxQjhDcTVBYVxub0tGZEtPQmo2TDVLN0dFQnRVa0NrUlFVcmgyeTN2UEVMQlpKbzlJbkFvR0FZMGVpVmVoK2dEdzVvZGdzeEo2WVxucHVWcTNCbEpwVzZXWEpUYUJJTU5WRSswWHp5WmxYREpTdDNiMEIrWkk4aEwwelVyazNCWFlsRVpmODJndmR0QVxubjk1SzliME0rSlZ6cEZUVDlyVExkajU2UVg0eWFBaTg3WjVBbFQ3NlUvb3RlVmV6RC9meFBOZmRQbVkrRFhCRlxuZjZsUEhoMkdZb3BOOFpENGZzSGp6YWc9XG4tLS0tLUVORCBQUklWQVRFIEtFWS0tLS0tXG4iLAogICJjbGllbnRfZW1haWwiOiAiamVua2lucy1wcm9qZWN0LWRldi1zYUB0b2RvLWFwcC00OTYyMjIuaWFtLmdzZXJ2aWNlYWNjb3VudC5jb20iLAogICJjbGllbnRfaWQiOiAiMTE1NTI2NzU1Mzg5ODQxNzMxNzUxIiwKICAiYXV0aF91cmkiOiAiaHR0cHM6Ly9hY2NvdW50cy5nb29nbGUuY29tL28vb2F1dGgyL2F1dGgiLAogICJ0b2tlbl91cmkiOiAiaHR0cHM6Ly9vYXV0aDIuZ29vZ2xlYXBpcy5jb20vdG9rZW4iLAogICJhdXRoX3Byb3ZpZGVyX3g1MDlfY2VydF91cmwiOiAiaHR0cHM6Ly93d3cuZ29vZ2xlYXBpcy5jb20vb2F1dGgyL3YxL2NlcnRzIiwKICAiY2xpZW50X3g1MDlfY2VydF91cmwiOiAiaHR0cHM6Ly93d3cuZ29vZ2xlYXBpcy5jb20vcm9ib3QvdjEvbWV0YWRhdGEveDUwOS9qZW5raW5zLXByb2plY3QtZGV2LXNhJTQwdG9kby1hcHAtNDk2MjIyLmlhbS5nc2VydmljZWFjY291bnQuY29tIiwKICAidW5pdmVyc2VfZG9tYWluIjogImdvb2dsZWFwaXMuY29tIgp9Cg==",
            "private_key_type": "TYPE_GOOGLE_CREDENTIALS_FILE",
            "public_key": "LS0tLS1CRUdJTiBDRVJUSUZJQ0FURS0tLS0tCk1JSUMvRENDQWVTZ0F3SUJBZ0lJV2gzRHVSOWZ4TDB3RFFZSktvWklodmNOQVFFRkJRQXdJREVlTUJ3R0ExVUUKQXd3Vk1URTFOVEkyTnpVMU16ZzVPRFF4TnpNeE56VXhNQ0FYRFRJMk1EVXhOVEl3TURNek5Gb1lEems1T1RreApNak14TWpNMU9UVTVXakFnTVI0d0hBWURWUVFEREJVeE1UVTFNalkzTlRVek9EazROREUzTXpFM05URXdnZ0VpCk1BMEdDU3FHU0liM0RRRUJBUVVBQTRJQkR3QXdnZ0VLQW9JQkFRRHFGWU41a1YybjF1OEcvUGpKVzQvRFUrTmIKcDhGNDdIRXRIMFE4TVlUMUk0Yks2bXMxdjlGaXU5NU43V1NoZFZ6U09SSFMzWVE4S3pGQ1F4Z3FPWDlGYkVzSQpNMEJiSzl5TnJqOWpabmFTYytKOVBlSEQ0M0RoODhrR1NidTVEbHZVK0FUZmQwV2tLQlhoRFZCRnppcEh6ck1CCmFoNHUvOTRLT3FoVXpBQnBSQWhJSHFMenB2djIrSFRlbXRPNkdtS0VhNmlLY3dYcmc4aCtLeEpKUmtZZFgxZmgKSitSdytsMVpLT0Z2a1BUbFp4OHNkOCtBUmJTaVRmejV6cEtTQ24wNHhtbVFMclFMUXVSTzc4cEgrVWtlUkNFagp0K2ptNmkzbDIrMGh3MnZkVDFGeXd0dFZReEgyUGFNdzJvTEk4dEVxVitoMDFCUVc0TXRodFFHZDdtc0RBZ01CCkFBR2pPREEyTUF3R0ExVWRFd0VCL3dRQ01BQXdEZ1lEVlIwUEFRSC9CQVFEQWdlQU1CWUdBMVVkSlFFQi93UU0KTUFvR0NDc0dBUVVGQndNQ01BMEdDU3FHU0liM0RRRUJCUVVBQTRJQkFRQ1BUZDdTSnVRZ3FsUlJsSTBObDJxZgoxbGhvVHI2NXNRdWZvQUZyaFk3Q0dKeTc3SjBDcXgzTzZabW50RFkzcHpjZkFWYmljSlRMZkUzSmx3cWhYU3NmCnp2bGxjU0VWMEtYQ3U3QWVZNVZLSzlKQ2hBL1U4TFBFMHIwOEcxT0RGSzJFOUd1TW1nQS94eS8zUEtna1JKNEQKcG5WMnJIbGJzZVJ3T1A1c3c1eUVCRXd3UVdZTTN1bUZXTHlJSXF1NzA4S0Rac3ZHSnI5RnJ3ZDg2WXVpWGFGZwo2VERvQWM0NmNpbEdwcXA2VFU2VzNFeWZSSXZzSStGaWUyTE9ySVB0a3Z2N0c1SHhRNnlFYjJhMmpIWEllVGRkCnZSSlZ2L0dhTHhDNnRPaFd2aC9kaG5lZS8vd01xejNqenk5NE54L2piTUtsOHg1S0s5dzB4bThFOWZ2VEtLZHEKLS0tLS1FTkQgQ0VSVElGSUNBVEUtLS0tLQo=",
            "public_key_data": null,
            "public_key_type": "TYPE_X509_PEM_FILE",
            "service_account_id": "projects/todo-app-496222/serviceAccounts/jenkins-project-dev-sa@todo-app-496222.iam.gserviceaccount.com",
            "valid_after": "2026-05-15T20:03:34Z",
            "valid_before": "9999-12-31T23:59:59Z"
          },
          "sensitive_attributes": [
            [
              {
                "type": "get_attr",
                "value": "private_key"
              }
            ]
          ],
          "identity_schema_version": 0,
          "private": "bnVsbA==",
          "dependencies": [
            "module.iam.google_service_account.ansible"
          ]
        }
      ]
    },
    {
      "module": "module.security_groups",
      "mode": "managed",
      "type": "google_compute_firewall",
      "name": "allow_app",
      "provider": "provider[\"registry.terraform.io/hashicorp/google\"]",
      "instances": [
        {
          "schema_version": 1,
          "attributes": {
            "allow": [
              {
                "ports": [
                  "8000"
                ],
                "protocol": "tcp"
              }
            ],
            "creation_timestamp": "2026-05-15T13:03:33.122-07:00",
            "deny": [],
            "description": "Allow FastAPI application traffic",
            "destination_ranges": [],
            "direction": "INGRESS",
            "disabled": false,
            "enable_logging": null,
            "id": "projects/todo-app-496222/global/firewalls/jenkins-project-dev-allow-app",
            "log_config": [],
            "name": "jenkins-project-dev-allow-app",
            "network": "https://www.googleapis.com/compute/v1/projects/todo-app-496222/global/networks/jenkins-project-network-dev",
            "priority": 1000,
            "project": "todo-app-496222",
            "self_link": "https://www.googleapis.com/compute/v1/projects/todo-app-496222/global/firewalls/jenkins-project-dev-allow-app",
            "source_ranges": [
              "0.0.0.0/0"
            ],
            "source_service_accounts": [],
            "source_tags": [],
            "target_service_accounts": [],
            "target_tags": [
              "app"
            ],
            "timeouts": null
          },
          "sensitive_attributes": [],
          "identity_schema_version": 0,
          "private": "eyJlMmJmYjczMC1lY2FhLTExZTYtOGY4OC0zNDM2M2JjN2M0YzAiOnsiY3JlYXRlIjoxMjAwMDAwMDAwMDAwLCJkZWxldGUiOjEyMDAwMDAwMDAwMDAsInVwZGF0ZSI6MTIwMDAwMDAwMDAwMH0sInNjaGVtYV92ZXJzaW9uIjoiMSJ9",
          "dependencies": [
            "module.vpc.google_compute_network.main"
          ]
        }
      ]
    },
    {
      "module": "module.security_groups",
      "mode": "managed",
      "type": "google_compute_firewall",
      "name": "allow_jenkins",
      "provider": "provider[\"registry.terraform.io/hashicorp/google\"]",
      "instances": [
        {
          "schema_version": 1,
          "attributes": {
            "allow": [
              {
                "ports": [
                  "8080"
                ],
                "protocol": "tcp"
              }
            ],
            "creation_timestamp": "2026-05-15T13:03:33.394-07:00",
            "deny": [],
            "description": "Allow Jenkins access from specific IPs",
            "destination_ranges": [],
            "direction": "INGRESS",
            "disabled": false,
            "enable_logging": null,
            "id": "projects/todo-app-496222/global/firewalls/jenkins-project-dev-allow-jenkins",
            "log_config": [],
            "name": "jenkins-project-dev-allow-jenkins",
            "network": "https://www.googleapis.com/compute/v1/projects/todo-app-496222/global/networks/jenkins-project-network-dev",
            "priority": 1000,
            "project": "todo-app-496222",
            "self_link": "https://www.googleapis.com/compute/v1/projects/todo-app-496222/global/firewalls/jenkins-project-dev-allow-jenkins",
            "source_ranges": [
              "0.0.0.0/0"
            ],
            "source_service_accounts": [],
            "source_tags": [],
            "target_service_accounts": [],
            "target_tags": [
              "jenkins"
            ],
            "timeouts": null
          },
          "sensitive_attributes": [],
          "identity_schema_version": 0,
          "private": "eyJlMmJmYjczMC1lY2FhLTExZTYtOGY4OC0zNDM2M2JjN2M0YzAiOnsiY3JlYXRlIjoxMjAwMDAwMDAwMDAwLCJkZWxldGUiOjEyMDAwMDAwMDAwMDAsInVwZGF0ZSI6MTIwMDAwMDAwMDAwMH0sInNjaGVtYV92ZXJzaW9uIjoiMSJ9",
          "dependencies": [
            "module.vpc.google_compute_network.main"
          ]
        }
      ]
    },
    {
      "module": "module.security_groups",
      "mode": "managed",
      "type": "google_compute_firewall",
      "name": "allow_outbound",
      "provider": "provider[\"registry.terraform.io/hashicorp/google\"]",
      "instances": [
        {
          "schema_version": 1,
          "attributes": {
            "allow": [
              {
                "ports": [],
                "protocol": "all"
              }
            ],
            "creation_timestamp": "2026-05-15T13:03:33.806-07:00",
            "deny": [],
            "description": "Allow all outbound traffic",
            "destination_ranges": [
              "0.0.0.0/0"
            ],
            "direction": "EGRESS",
            "disabled": false,
            "enable_logging": null,
            "id": "projects/todo-app-496222/global/firewalls/jenkins-project-dev-allow-outbound",
            "log_config": [],
            "name": "jenkins-project-dev-allow-outbound",
            "network": "https://www.googleapis.com/compute/v1/projects/todo-app-496222/global/networks/jenkins-project-network-dev",
            "priority": 1000,
            "project": "todo-app-496222",
            "self_link": "https://www.googleapis.com/compute/v1/projects/todo-app-496222/global/firewalls/jenkins-project-dev-allow-outbound",
            "source_ranges": [],
            "source_service_accounts": [],
            "source_tags": [],
            "target_service_accounts": [],
            "target_tags": [],
            "timeouts": null
          },
          "sensitive_attributes": [],
          "identity_schema_version": 0,
          "private": "eyJlMmJmYjczMC1lY2FhLTExZTYtOGY4OC0zNDM2M2JjN2M0YzAiOnsiY3JlYXRlIjoxMjAwMDAwMDAwMDAwLCJkZWxldGUiOjEyMDAwMDAwMDAwMDAsInVwZGF0ZSI6MTIwMDAwMDAwMDAwMH0sInNjaGVtYV92ZXJzaW9uIjoiMSJ9",
          "dependencies": [
            "module.vpc.google_compute_network.main"
          ]
        }
      ]
    },
    {
      "module": "module.security_groups",
      "mode": "managed",
      "type": "google_compute_firewall",
      "name": "allow_postgresql",
      "provider": "provider[\"registry.terraform.io/hashicorp/google\"]",
      "instances": [
        {
          "schema_version": 1,
          "attributes": {
            "allow": [
              {
                "ports": [
                  "5432"
                ],
                "protocol": "tcp"
              }
            ],
            "creation_timestamp": "2026-05-15T13:03:33.255-07:00",
            "deny": [],
            "description": "Allow PostgreSQL from app servers only",
            "destination_ranges": [],
            "direction": "INGRESS",
            "disabled": false,
            "enable_logging": null,
            "id": "projects/todo-app-496222/global/firewalls/jenkins-project-dev-allow-postgresql",
            "log_config": [],
            "name": "jenkins-project-dev-allow-postgresql",
            "network": "https://www.googleapis.com/compute/v1/projects/todo-app-496222/global/networks/jenkins-project-network-dev",
            "priority": 1000,
            "project": "todo-app-496222",
            "self_link": "https://www.googleapis.com/compute/v1/projects/todo-app-496222/global/firewalls/jenkins-project-dev-allow-postgresql",
            "source_ranges": [],
            "source_service_accounts": [],
            "source_tags": [
              "app"
            ],
            "target_service_accounts": [],
            "target_tags": [
              "database"
            ],
            "timeouts": null
          },
          "sensitive_attributes": [],
          "identity_schema_version": 0,
          "private": "eyJlMmJmYjczMC1lY2FhLTExZTYtOGY4OC0zNDM2M2JjN2M0YzAiOnsiY3JlYXRlIjoxMjAwMDAwMDAwMDAwLCJkZWxldGUiOjEyMDAwMDAwMDAwMDAsInVwZGF0ZSI6MTIwMDAwMDAwMDAwMH0sInNjaGVtYV92ZXJzaW9uIjoiMSJ9",
          "dependencies": [
            "module.vpc.google_compute_network.main"
          ]
        }
      ]
    },
    {
      "module": "module.security_groups",
      "mode": "managed",
      "type": "google_compute_firewall",
      "name": "allow_ssh",
      "provider": "provider[\"registry.terraform.io/hashicorp/google\"]",
      "instances": [
        {
          "schema_version": 1,
          "attributes": {
            "allow": [
              {
                "ports": [
                  "22"
                ],
                "protocol": "tcp"
              }
            ],
            "creation_timestamp": "2026-05-15T13:03:33.392-07:00",
            "deny": [],
            "description": "Allow SSH access for management",
            "destination_ranges": [],
            "direction": "INGRESS",
            "disabled": false,
            "enable_logging": null,
            "id": "projects/todo-app-496222/global/firewalls/jenkins-project-dev-allow-ssh",
            "log_config": [],
            "name": "jenkins-project-dev-allow-ssh",
            "network": "https://www.googleapis.com/compute/v1/projects/todo-app-496222/global/networks/jenkins-project-network-dev",
            "priority": 1000,
            "project": "todo-app-496222",
            "self_link": "https://www.googleapis.com/compute/v1/projects/todo-app-496222/global/firewalls/jenkins-project-dev-allow-ssh",
            "source_ranges": [
              "0.0.0.0/0"
            ],
            "source_service_accounts": [],
            "source_tags": [],
            "target_service_accounts": [],
            "target_tags": [
              "app",
              "jenkins"
            ],
            "timeouts": null
          },
          "sensitive_attributes": [],
          "identity_schema_version": 0,
          "private": "eyJlMmJmYjczMC1lY2FhLTExZTYtOGY4OC0zNDM2M2JjN2M0YzAiOnsiY3JlYXRlIjoxMjAwMDAwMDAwMDAwLCJkZWxldGUiOjEyMDAwMDAwMDAwMDAsInVwZGF0ZSI6MTIwMDAwMDAwMDAwMH0sInNjaGVtYV92ZXJzaW9uIjoiMSJ9",
          "dependencies": [
            "module.vpc.google_compute_network.main"
          ]
        }
      ]
    },
    {
      "module": "module.vpc",
      "mode": "managed",
      "type": "google_compute_network",
      "name": "main",
      "provider": "provider[\"registry.terraform.io/hashicorp/google\"]",
      "instances": [
        {
          "schema_version": 0,
          "attributes": {
            "auto_create_subnetworks": false,
            "delete_default_routes_on_create": false,
            "description": "Network for jenkins-project dev",
            "enable_ula_internal_ipv6": false,
            "gateway_ipv4": "",
            "id": "projects/todo-app-496222/global/networks/jenkins-project-network-dev",
            "internal_ipv6_range": "",
            "mtu": 0,
            "name": "jenkins-project-network-dev",
            "network_firewall_policy_enforcement_order": "AFTER_CLASSIC_FIREWALL",
            "numeric_id": "8896862862197834470",
            "project": "todo-app-496222",
            "routing_mode": "REGIONAL",
            "self_link": "https://www.googleapis.com/compute/v1/projects/todo-app-496222/global/networks/jenkins-project-network-dev",
            "timeouts": null
          },
          "sensitive_attributes": [],
          "identity_schema_version": 0,
          "private": "eyJlMmJmYjczMC1lY2FhLTExZTYtOGY4OC0zNDM2M2JjN2M0YzAiOnsiY3JlYXRlIjoxMjAwMDAwMDAwMDAwLCJkZWxldGUiOjEyMDAwMDAwMDAwMDAsInVwZGF0ZSI6MTIwMDAwMDAwMDAwMH19"
        }
      ]
    },
    {
      "module": "module.vpc",
      "mode": "managed",
      "type": "google_compute_router",
      "name": "router",
      "provider": "provider[\"registry.terraform.io/hashicorp/google\"]",
      "instances": [
        {
          "schema_version": 0,
          "attributes": {
            "bgp": [
              {
                "advertise_mode": "DEFAULT",
                "advertised_groups": [],
                "advertised_ip_ranges": [],
                "asn": 64514,
                "identifier_range": "",
                "keepalive_interval": 20
              }
            ],
            "creation_timestamp": "2026-05-15T13:03:33.723-07:00",
            "description": "",
            "encrypted_interconnect_router": false,
            "id": "projects/todo-app-496222/regions/us-central1/routers/jenkins-project-router-dev",
            "name": "jenkins-project-router-dev",
            "network": "https://www.googleapis.com/compute/v1/projects/todo-app-496222/global/networks/jenkins-project-network-dev",
            "project": "todo-app-496222",
            "region": "us-central1",
            "self_link": "https://www.googleapis.com/compute/v1/projects/todo-app-496222/regions/us-central1/routers/jenkins-project-router-dev",
            "timeouts": null
          },
          "sensitive_attributes": [],
          "identity_schema_version": 0,
          "private": "eyJlMmJmYjczMC1lY2FhLTExZTYtOGY4OC0zNDM2M2JjN2M0YzAiOnsiY3JlYXRlIjoxMjAwMDAwMDAwMDAwLCJkZWxldGUiOjEyMDAwMDAwMDAwMDAsInVwZGF0ZSI6MTIwMDAwMDAwMDAwMH19",
          "dependencies": [
            "module.vpc.google_compute_network.main"
          ]
        }
      ]
    },
    {
      "module": "module.vpc",
      "mode": "managed",
      "type": "google_compute_router_nat",
      "name": "nat",
      "provider": "provider[\"registry.terraform.io/hashicorp/google\"]",
      "instances": [
        {
          "schema_version": 0,
          "attributes": {
            "auto_network_tier": "PREMIUM",
            "drain_nat_ips": [],
            "enable_dynamic_port_allocation": false,
            "enable_endpoint_independent_mapping": false,
            "endpoint_types": [
              "ENDPOINT_TYPE_VM"
            ],
            "icmp_idle_timeout_sec": 30,
            "id": "todo-app-496222/us-central1/jenkins-project-router-dev/jenkins-project-nat-dev",
            "log_config": [
              {
                "enable": true,
                "filter": "ERRORS_ONLY"
              }
            ],
            "max_ports_per_vm": 0,
            "min_ports_per_vm": 0,
            "name": "jenkins-project-nat-dev",
            "nat_ip_allocate_option": "AUTO_ONLY",
            "nat_ips": [],
            "project": "todo-app-496222",
            "region": "us-central1",
            "router": "jenkins-project-router-dev",
            "rules": [],
            "source_subnetwork_ip_ranges_to_nat": "ALL_SUBNETWORKS_ALL_IP_RANGES",
            "subnetwork": [],
            "tcp_established_idle_timeout_sec": 1200,
            "tcp_time_wait_timeout_sec": 120,
            "tcp_transitory_idle_timeout_sec": 30,
            "timeouts": null,
            "udp_idle_timeout_sec": 30
          },
          "sensitive_attributes": [],
          "identity_schema_version": 0,
          "private": "eyJlMmJmYjczMC1lY2FhLTExZTYtOGY4OC0zNDM2M2JjN2M0YzAiOnsiY3JlYXRlIjoxMjAwMDAwMDAwMDAwLCJkZWxldGUiOjEyMDAwMDAwMDAwMDAsInVwZGF0ZSI6MTIwMDAwMDAwMDAwMH19",
          "dependencies": [
            "module.vpc.google_compute_network.main",
            "module.vpc.google_compute_router.router"
          ]
        }
      ]
    },
    {
      "module": "module.vpc",
      "mode": "managed",
      "type": "google_compute_subnetwork",
      "name": "public",
      "provider": "provider[\"registry.terraform.io/hashicorp/google\"]",
      "instances": [
        {
          "schema_version": 0,
          "attributes": {
            "creation_timestamp": "2026-05-15T13:03:33.742-07:00",
            "description": "",
            "external_ipv6_prefix": "",
            "fingerprint": null,
            "gateway_address": "10.0.0.1",
            "id": "projects/todo-app-496222/regions/us-central1/subnetworks/jenkins-project-public-subnet-dev",
            "internal_ipv6_prefix": "",
            "ip_cidr_range": "10.0.0.0/18",
            "ipv6_access_type": "",
            "ipv6_cidr_range": "",
            "log_config": [
              {
                "aggregation_interval": "INTERVAL_5_SEC",
                "filter_expr": "true",
                "flow_sampling": 0.5,
                "metadata": "INCLUDE_ALL_METADATA",
                "metadata_fields": []
              }
            ],
            "name": "jenkins-project-public-subnet-dev",
            "network": "https://www.googleapis.com/compute/v1/projects/todo-app-496222/global/networks/jenkins-project-network-dev",
            "private_ip_google_access": true,
            "private_ipv6_google_access": "DISABLE_GOOGLE_ACCESS",
            "project": "todo-app-496222",
            "purpose": "PRIVATE",
            "region": "us-central1",
            "role": "",
            "secondary_ip_range": [],
            "self_link": "https://www.googleapis.com/compute/v1/projects/todo-app-496222/regions/us-central1/subnetworks/jenkins-project-public-subnet-dev",
            "send_secondary_ip_range_if_empty": null,
            "stack_type": "IPV4_ONLY",
            "timeouts": null
          },
          "sensitive_attributes": [],
          "identity_schema_version": 0,
          "private": "eyJlMmJmYjczMC1lY2FhLTExZTYtOGY4OC0zNDM2M2JjN2M0YzAiOnsiY3JlYXRlIjoxMjAwMDAwMDAwMDAwLCJkZWxldGUiOjEyMDAwMDAwMDAwMDAsInVwZGF0ZSI6MTIwMDAwMDAwMDAwMH19",
          "dependencies": [
            "module.vpc.google_compute_network.main"
          ]
        }
      ]
    }
  ],
  "check_results": [
    {
      "object_kind": "var",
      "config_addr": "module.vpc.var.network_cidr",
      "status": "pass",
      "objects": [
        {
          "object_addr": "module.vpc.var.network_cidr",
          "status": "pass"
        }
      ]
    },
    {
      "object_kind": "var",
      "config_addr": "module.compute_app.var.boot_disk_size",
      "status": "pass",
      "objects": [
        {
          "object_addr": "module.compute_app.var.boot_disk_size",
          "status": "pass"
        }
      ]
    },
    {
      "object_kind": "var",
      "config_addr": "module.compute_app.var.machine_type",
      "status": "pass",
      "objects": [
        {
          "object_addr": "module.compute_app.var.machine_type",
          "status": "pass"
        }
      ]
    },
    {
      "object_kind": "var",
      "config_addr": "module.compute_app.var.instance_role",
      "status": "pass",
      "objects": [
        {
          "object_addr": "module.compute_app.var.instance_role",
          "status": "pass"
        }
      ]
    },
    {
      "object_kind": "var",
      "config_addr": "module.compute_jenkins.var.machine_type",
      "status": "pass",
      "objects": [
        {
          "object_addr": "module.compute_jenkins.var.machine_type",
          "status": "pass"
        }
      ]
    },
    {
      "object_kind": "var",
      "config_addr": "module.compute_jenkins.var.instance_role",
      "status": "pass",
      "objects": [
        {
          "object_addr": "module.compute_jenkins.var.instance_role",
          "status": "pass"
        }
      ]
    },
    {
      "object_kind": "var",
      "config_addr": "module.compute_jenkins.var.boot_disk_size",
      "status": "pass",
      "objects": [
        {
          "object_addr": "module.compute_jenkins.var.boot_disk_size",
          "status": "pass"
        }
      ]
    }
  ]
}
